// !$*UTF8*$!
{
	archiveVersion = 1;
	classes = {
	};
	objectVersion = 50;
	objects = {

/* Begin PBXBuildFile section */
		0017D552894F824399D079A5C8BE1C4F /* GrowingTextView.swift in Sources */ = {isa = PBXBuildFile; fileRef = 09AA4EDA49CB26470DC4057970343FDA /* GrowingTextView.swift */; };
		0A61ACBDF4FD44BD36EAC9A7B278259C /* BottomView_Keyboard.swift in Sources */ = {isa = PBXBuildFile; fileRef = FCEFE02B49EE13E65D9B6CECE8EB3409 /* BottomView_Keyboard.swift */; };
		12A0475BCDC30B88BF4D81EE357B25C5 /* LaunchScreen.storyboard in Resources */ = {isa = PBXBuildFile; fileRef = 1772F131B7EF546852B33BBF5F42580A /* LaunchScreen.storyboard */; };
		12F5ACD5052FBBAB0C06DE90A6E566B7 /* MainVC_CollectionViewDelegate.swift in Sources */ = {isa = PBXBuildFile; fileRef = B10BCC8E90855C9490724F4DA3FED58A /* MainVC_CollectionViewDelegate.swift */; };
		14E401F61CB2E13DB5D46CE458B286C9 /* NoteCollectionViewCell.swift in Sources */ = {isa = PBXBuildFile; fileRef = 746384F84E9D09249B504E6E7D0AB825 /* NoteCollectionViewCell.swift */; };
		1C55616E7DA4A5311001A1AF77E1C281 /* NotificationView.swift in Sources */ = {isa = PBXBuildFile; fileRef = E203992D4863A992B1579D02CE396B2F /* NotificationView.swift */; };
		1F9E52809308F27BDC01D325EEF920F9 /* NSManagedObject_Extension.swift in Sources */ = {isa = PBXBuildFile; fileRef = 2EB2602AF0FD878A07D9508C27229A3C /* NSManagedObject_Extension.swift */; };
		276D4E48F3821269CF02380F9CD496A5 /* DetailMailViewController.swift in Sources */ = {isa = PBXBuildFile; fileRef = 28976B345FC2F1EC3A68998B6C123638 /* DetailMailViewController.swift */; };
		28EC44F14965E64F71E3FBA3D2465D4E /* MailTableViewCell.swift in Sources */ = {isa = PBXBuildFile; fileRef = A6732837ADFF087579F09AAC648EE4EE /* MailTableViewCell.swift */; };
		3189CD5275162D7A7D5A220DEA4A9660 /* NSRange_extension.swift in Sources */ = {isa = PBXBuildFile; fileRef = 7AD6A15CE83A4E95EBA3DEB389F83124 /* NSRange_extension.swift */; };
		400FEB9720EEA69D50920376795C9A12 /* DetailVC_TextViewDelegate.swift in Sources */ = {isa = PBXBuildFile; fileRef = 26F43EA39CFF9F2EE2C47DC47B33013C /* DetailVC_TextViewDelegate.swift */; };
		4629511533DED59352A02DEEFCB7915A /* BulletKey.swift in Sources */ = {isa = PBXBuildFile; fileRef = FE3ACA20B52BD8FCEC22852CEAC6FA5C /* BulletKey.swift */; };
		462AABF55B257ECFCA97D57382E4F990 /* UINavigationController_extension.swift in Sources */ = {isa = PBXBuildFile; fileRef = 95AAF73DEA9F83208623A3EA64C6CB7F /* UINavigationController_extension.swift */; };
		48F11F0B454FEFFC78A9F4ECC3580566 /* CalendarTV_Action.swift in Sources */ = {isa = PBXBuildFile; fileRef = 424FF01E13FCBE6E523ACADA7D4208ED /* CalendarTV_Action.swift */; };
		4AF388A318DD8AEC015241F1D1CED58B /* ReminderTableViewCell.swift in Sources */ = {isa = PBXBuildFile; fileRef = 017D184DD3C9CA177EE0E2C9C4A02730 /* ReminderTableViewCell.swift */; };
		4B4B4A13AE96B1609F50557B59A9A4E0 /* Preference.swift in Sources */ = {isa = PBXBuildFile; fileRef = 43C9DF6CFD4D6DFA337CD265EA6EF145 /* Preference.swift */; };
		57040232C5BFE354354D4562D6B015DA /* LightTests.swift in Sources */ = {isa = PBXBuildFile; fileRef = DD1E9BFE695D0902216FFB2658B1D243 /* LightTests.swift */; };
		5C1A2B4291390C62425826BA00D45A78 /* MailTableVC_Action.swift in Sources */ = {isa = PBXBuildFile; fileRef = 6529B0E75F541FE218265A8A5B41861F /* MailTableVC_Action.swift */; };
		5EF1227383A319164A76D98CB3937CDB /* CalendarTableViewController.swift in Sources */ = {isa = PBXBuildFile; fileRef = 3F86F52447F29A2E503EDEDA2C749A9C /* CalendarTableViewController.swift */; };
		609B74499E06CCFA14C29C6CC623532D /* iOS.swift in Sources */ = {isa = PBXBuildFile; fileRef = F372DDD61DD419F7D4A2970EE1C649A3 /* iOS.swift */; };
		6349A3170B7D213B8FB479AA8FEF6330 /* LightUITests.swift in Sources */ = {isa = PBXBuildFile; fileRef = 1A063A3711C83FFEE1AC4E67D752B285 /* LightUITests.swift */; };
		637758BD3AB015A2A651AC3EBB830130 /* Assets.xcassets in Resources */ = {isa = PBXBuildFile; fileRef = B4E80A511040B62AC7509EDA5C20F7BA /* Assets.xcassets */; };
		676318C9DAF61F01B169CF9806F9D479 /* StoreService.swift in Sources */ = {isa = PBXBuildFile; fileRef = B9AD40AEB0B1C249A8E837F8D1E57E0B /* StoreService.swift */; };
		732CCE6B139821E6442842DCB809E6C6 /* AddMailTableViewController.swift in Sources */ = {isa = PBXBuildFile; fileRef = D25398FA950D6BF3D1A70819FD01DCAA /* AddMailTableViewController.swift */; };
		739751E1CC8AAC9DA43EABC028B61196 /* Font_extension.swift in Sources */ = {isa = PBXBuildFile; fileRef = DBA3DEDD048C078DF5DADC6B9A4078C8 /* Font_extension.swift */; };
		785375B60CF886832066E8CC98553488 /* LoadingView.xib in Resources */ = {isa = PBXBuildFile; fileRef = 13FBAA08E944037C12062CC3A73C6393 /* LoadingView.xib */; };
		7BEFB19B9167EAF022D9A2537566AD0B /* AppDelegate.swift in Sources */ = {isa = PBXBuildFile; fileRef = 89F7ACC3525573225609D9CECE7C13E5 /* AppDelegate.swift */; };
		84D7A03AD964029717818C59811EA28F /* DetailViewController.swift in Sources */ = {isa = PBXBuildFile; fileRef = 7FED57AF9E6BB0CF72075D5E5D5E3410 /* DetailViewController.swift */; };
		85E52F7DB61CEDAA49BFEAC77B88D884 /* PhotoCollectionViewController.swift in Sources */ = {isa = PBXBuildFile; fileRef = C04D91D0F953C66494D8A169572871C0 /* PhotoCollectionViewController.swift */; };
		8B34657C4346B399AF01958FB84F2406 /* Color_extension.swift in Sources */ = {isa = PBXBuildFile; fileRef = 4CF4BA560760084E417CEE872600C496 /* Color_extension.swift */; };
		904EF02E54C5C26041C55020C8D8E18A /* BottomView_TextViewDelegate.swift in Sources */ = {isa = PBXBuildFile; fileRef = BF7B85440C5A9C14BA160B483CCA9CDA /* BottomView_TextViewDelegate.swift */; };
		9CB0A6BE50DEEA288ED25E84510A0138 /* Light.xcdatamodeld in Sources */ = {isa = PBXBuildFile; fileRef = 90AE918602830F24292C946034327F00 /* Light.xcdatamodeld */; };
		9EADB03048DF7126712F47D02467B373 /* String_extension.swift in Sources */ = {isa = PBXBuildFile; fileRef = F9E61C39AA0744D3813215A2FBDD4215 /* String_extension.swift */; };
		A0C12B4D899095011077118B5A7E8940 /* ContactTableViewController.swift in Sources */ = {isa = PBXBuildFile; fileRef = 78FA414916BF05F98E271FB46CBD4CA3 /* ContactTableViewController.swift */; };
		A34A63FDBCC00B1FE196A41E7C19E3C8 /* MainVC_BottomViewDelegate.swift in Sources */ = {isa = PBXBuildFile; fileRef = 0E19632FACB2CF4AE0D7CAFF01FCA12C /* MainVC_BottomViewDelegate.swift */; };
		A4325BAF9BDD004D03FDD9EBBB2E2FD7 /* MainViewController.swift in Sources */ = {isa = PBXBuildFile; fileRef = BE6C88236C744007242AE79F7D5FD28F /* MainViewController.swift */; };
		A54BCB4656BF95F16D01760A9EA8328E /* NotificationView.xib in Resources */ = {isa = PBXBuildFile; fileRef = 168EC0A3E00FD45D1BF4E60829194322 /* NotificationView.xib */; };
		B67E9858B8390E6D105AE9B480CD2AB7 /* View_extension.swift in Sources */ = {isa = PBXBuildFile; fileRef = A30ADCB15897EB4BE1BF76C87598B9DD /* View_extension.swift */; };
		C783979D367EFB178653060F9BE0C641 /* Note_extension.swift in Sources */ = {isa = PBXBuildFile; fileRef = 24EA8668516029AB28ABE2154877843B /* Note_extension.swift */; };
		CA5ACC89E526540F541A8A183686BBC9 /* PhotoDetailViewController.swift in Sources */ = {isa = PBXBuildFile; fileRef = 3F4E6FC6D10082ABD7F4C86180BDA92C /* PhotoDetailViewController.swift */; };
		CE08A89F6109304BC9E48E26944BA79F /* BottomView.swift in Sources */ = {isa = PBXBuildFile; fileRef = F13FE04C655B10D7F62375CF195A8AB5 /* BottomView.swift */; };
		D0ABFA61CE5898F0D86463A59DC71B44 /* ViewController_extension.swift in Sources */ = {isa = PBXBuildFile; fileRef = A56D140F1FA5532189E95DB45E739C35 /* ViewController_extension.swift */; };
		D1DA58F35C4131107EC488B86228D714 /* Main.storyboard in Resources */ = {isa = PBXBuildFile; fileRef = 112676DDFCC7AB1DA022223610505B64 /* Main.storyboard */; };
		D34E889F27CBFA5E234ED6F106D2BF73 /* UnicodeScalar_extension.swift in Sources */ = {isa = PBXBuildFile; fileRef = 7E0FCFBBFA5179C6A340C219F5A2FFCE /* UnicodeScalar_extension.swift */; };
		D8A00E3BF486B9885628488B888F4496 /* LoadingView.swift in Sources */ = {isa = PBXBuildFile; fileRef = FAEAE396AAE37B448BFAF7C7B416566E /* LoadingView.swift */; };
		D92A0494D15478E5A333744C5BAC66A6 /* MainVC_ScrollViewDelegate.swift in Sources */ = {isa = PBXBuildFile; fileRef = 218CA44B435D6BEB614256FE5E693044 /* MainVC_ScrollViewDelegate.swift */; };
		DD82E8125D694D1CF44556094167A864 /* MailTableViewController.swift in Sources */ = {isa = PBXBuildFile; fileRef = F7E35219DC9953301DE56E663B552286 /* MailTableViewController.swift */; };
		E0B05708E45FC2D0D06FAD5BE5039332 /* AddMailTableVC_Action.swift in Sources */ = {isa = PBXBuildFile; fileRef = 9BD64467F52ECE6EE2BE729C0CD63E8B /* AddMailTableVC_Action.swift */; };
		E26AEF334C3C4804E3CDF291176947F2 /* ReminderTableViewController.swift in Sources */ = {isa = PBXBuildFile; fileRef = 066018506DB31B6DC627CAC3B8C1B4C5 /* ReminderTableViewController.swift */; };
		E55D11AFF71BA4559447B8AB72ED7E1F /* Bullet_UITextView_Extension.swift in Sources */ = {isa = PBXBuildFile; fileRef = 8EBC14A424B3344F33643C89E71E85EC /* Bullet_UITextView_Extension.swift */; };
		E6FBC9EE640935D40543477D9ED60C53 /* BulletValue.swift in Sources */ = {isa = PBXBuildFile; fileRef = 3EEF3870E35C565B2F05849F891D5382 /* BulletValue.swift */; };
		E7D0FBCA5025C279D5CDA2C3281EABE0 /* DateFormatter_extension.swift in Sources */ = {isa = PBXBuildFile; fileRef = 6B62E543933164C6B985FF6CBDA8960D /* DateFormatter_extension.swift */; };
		ECAF3E091D7133BEE68E883DBFEDB97B /* ContactTableViewCell.swift in Sources */ = {isa = PBXBuildFile; fileRef = 4B77E1B86B0AE8AB5580BF6A83810B24 /* ContactTableViewCell.swift */; };
		F1E2E9165B27228F5677C24C763ECD2C /* PhotoCollectionViewCell.swift in Sources */ = {isa = PBXBuildFile; fileRef = D2558B5F6A563E1CC40DFE1239438A30 /* PhotoCollectionViewCell.swift */; };
		F297A84FF803276571D2A578AB38D733 /* LightTextView.swift in Sources */ = {isa = PBXBuildFile; fileRef = 23CD74A9C50D4C244D3BD1F4BE453B7B /* LightTextView.swift */; };
		F4D3AED9EB9BF3E2441E1D57FBA453EC /* DetailTabBarViewController.swift in Sources */ = {isa = PBXBuildFile; fileRef = FF4239434A704F23853F021C013D019C /* DetailTabBarViewController.swift */; };
		F828087690436DD333677670139E2143 /* BottomView_Action.swift in Sources */ = {isa = PBXBuildFile; fileRef = 0ACA9DFC424574992664584CA0C33F31 /* BottomView_Action.swift */; };
		FE1BD8F16CBBC1651006F4E9E786087E /* CalendarTableViewCell.swift in Sources */ = {isa = PBXBuildFile; fileRef = D394F59D292C5791988967A43E902C11 /* CalendarTableViewCell.swift */; };
		FF407D70220FFD949473B36FF513C383 /* MainVC_CollectionViewDataSource.swift in Sources */ = {isa = PBXBuildFile; fileRef = D483FBFF2294308F19AD63699F806DC4 /* MainVC_CollectionViewDataSource.swift */; };
/* End PBXBuildFile section */

/* Begin PBXContainerItemProxy section */
		7B633929A7D3446CEF86D02C5E5C899A /* PBXContainerItemProxy */ = {
			isa = PBXContainerItemProxy;
			containerPortal = 5AB6D5810162F602D21B9895BA5DDE0F /* Project object */;
			proxyType = 1;
			remoteGlobalIDString = 2545F7FA8962603C914352BA15BE67A7;
			remoteInfo = Light;
		};
		86663F70542F55475B141738238713E6 /* PBXContainerItemProxy */ = {
			isa = PBXContainerItemProxy;
			containerPortal = 5AB6D5810162F602D21B9895BA5DDE0F /* Project object */;
			proxyType = 1;
			remoteGlobalIDString = 2545F7FA8962603C914352BA15BE67A7;
			remoteInfo = Light;
		};
/* End PBXContainerItemProxy section */

/* Begin PBXFileReference section */
		017D184DD3C9CA177EE0E2C9C4A02730 /* ReminderTableViewCell.swift */ = {isa = PBXFileReference; lastKnownFileType = sourcecode.swift; path = ReminderTableViewCell.swift; sourceTree = "<group>"; };
		053DBC55BA3AFCBFFCE7687A6ABBCE5D /* Info.plist */ = {isa = PBXFileReference; lastKnownFileType = text.plist.xml; path = Info.plist; sourceTree = "<group>"; };
		066018506DB31B6DC627CAC3B8C1B4C5 /* ReminderTableViewController.swift */ = {isa = PBXFileReference; lastKnownFileType = sourcecode.swift; path = ReminderTableViewController.swift; sourceTree = "<group>"; };
		09AA4EDA49CB26470DC4057970343FDA /* GrowingTextView.swift */ = {isa = PBXFileReference; fileEncoding = 4; lastKnownFileType = sourcecode.swift; path = GrowingTextView.swift; sourceTree = "<group>"; };
		0ACA9DFC424574992664584CA0C33F31 /* BottomView_Action.swift */ = {isa = PBXFileReference; lastKnownFileType = sourcecode.swift; path = BottomView_Action.swift; sourceTree = "<group>"; };
		0E19632FACB2CF4AE0D7CAFF01FCA12C /* MainVC_BottomViewDelegate.swift */ = {isa = PBXFileReference; lastKnownFileType = sourcecode.swift; path = MainVC_BottomViewDelegate.swift; sourceTree = "<group>"; };
		13FBAA08E944037C12062CC3A73C6393 /* LoadingView.xib */ = {isa = PBXFileReference; fileEncoding = 4; lastKnownFileType = file.xib; path = LoadingView.xib; sourceTree = "<group>"; };
		168EC0A3E00FD45D1BF4E60829194322 /* NotificationView.xib */ = {isa = PBXFileReference; fileEncoding = 4; lastKnownFileType = file.xib; path = NotificationView.xib; sourceTree = "<group>"; };
		1A063A3711C83FFEE1AC4E67D752B285 /* LightUITests.swift */ = {isa = PBXFileReference; lastKnownFileType = sourcecode.swift; path = LightUITests.swift; sourceTree = "<group>"; };
		218CA44B435D6BEB614256FE5E693044 /* MainVC_ScrollViewDelegate.swift */ = {isa = PBXFileReference; lastKnownFileType = sourcecode.swift; path = MainVC_ScrollViewDelegate.swift; sourceTree = "<group>"; };
		2296CD005B5CD665E1C7E2526BB92BB7 /* Info.plist */ = {isa = PBXFileReference; lastKnownFileType = text.plist.xml; path = Info.plist; sourceTree = "<group>"; };
		23CD74A9C50D4C244D3BD1F4BE453B7B /* LightTextView.swift */ = {isa = PBXFileReference; lastKnownFileType = sourcecode.swift; path = LightTextView.swift; sourceTree = "<group>"; };
		24EA8668516029AB28ABE2154877843B /* Note_extension.swift */ = {isa = PBXFileReference; lastKnownFileType = sourcecode.swift; path = Note_extension.swift; sourceTree = "<group>"; };
		26F43EA39CFF9F2EE2C47DC47B33013C /* DetailVC_TextViewDelegate.swift */ = {isa = PBXFileReference; lastKnownFileType = sourcecode.swift; path = DetailVC_TextViewDelegate.swift; sourceTree = "<group>"; };
		28976B345FC2F1EC3A68998B6C123638 /* DetailMailViewController.swift */ = {isa = PBXFileReference; lastKnownFileType = sourcecode.swift; path = DetailMailViewController.swift; sourceTree = "<group>"; };
		2EB2602AF0FD878A07D9508C27229A3C /* NSManagedObject_Extension.swift */ = {isa = PBXFileReference; fileEncoding = 4; lastKnownFileType = sourcecode.swift; path = NSManagedObject_Extension.swift; sourceTree = "<group>"; };
		2EEBEB27CC41908BEAFBECEC0FF45EA4 /* Base */ = {isa = PBXFileReference; lastKnownFileType = file.storyboard; name = Base; path = Base.lproj/Main.storyboard; sourceTree = "<group>"; };
		3EEF3870E35C565B2F05849F891D5382 /* BulletValue.swift */ = {isa = PBXFileReference; fileEncoding = 4; lastKnownFileType = sourcecode.swift; path = BulletValue.swift; sourceTree = "<group>"; };
		3F4E6FC6D10082ABD7F4C86180BDA92C /* PhotoDetailViewController.swift */ = {isa = PBXFileReference; lastKnownFileType = sourcecode.swift; path = PhotoDetailViewController.swift; sourceTree = "<group>"; };
		3F86F52447F29A2E503EDEDA2C749A9C /* CalendarTableViewController.swift */ = {isa = PBXFileReference; lastKnownFileType = sourcecode.swift; path = CalendarTableViewController.swift; sourceTree = "<group>"; };
		424FF01E13FCBE6E523ACADA7D4208ED /* CalendarTV_Action.swift */ = {isa = PBXFileReference; lastKnownFileType = sourcecode.swift; path = CalendarTV_Action.swift; sourceTree = "<group>"; };
		43C9DF6CFD4D6DFA337CD265EA6EF145 /* Preference.swift */ = {isa = PBXFileReference; fileEncoding = 4; lastKnownFileType = sourcecode.swift; path = Preference.swift; sourceTree = "<group>"; };
		4B77E1B86B0AE8AB5580BF6A83810B24 /* ContactTableViewCell.swift */ = {isa = PBXFileReference; lastKnownFileType = sourcecode.swift; path = ContactTableViewCell.swift; sourceTree = "<group>"; };
		4CF4BA560760084E417CEE872600C496 /* Color_extension.swift */ = {isa = PBXFileReference; fileEncoding = 4; lastKnownFileType = sourcecode.swift; path = Color_extension.swift; sourceTree = "<group>"; };
		6529B0E75F541FE218265A8A5B41861F /* MailTableVC_Action.swift */ = {isa = PBXFileReference; lastKnownFileType = sourcecode.swift; path = MailTableVC_Action.swift; sourceTree = "<group>"; };
		6B62E543933164C6B985FF6CBDA8960D /* DateFormatter_extension.swift */ = {isa = PBXFileReference; fileEncoding = 4; lastKnownFileType = sourcecode.swift; path = DateFormatter_extension.swift; sourceTree = "<group>"; };
		746384F84E9D09249B504E6E7D0AB825 /* NoteCollectionViewCell.swift */ = {isa = PBXFileReference; fileEncoding = 4; lastKnownFileType = sourcecode.swift; path = NoteCollectionViewCell.swift; sourceTree = "<group>"; };
		78FA414916BF05F98E271FB46CBD4CA3 /* ContactTableViewController.swift */ = {isa = PBXFileReference; lastKnownFileType = sourcecode.swift; path = ContactTableViewController.swift; sourceTree = "<group>"; };
		7AD6A15CE83A4E95EBA3DEB389F83124 /* NSRange_extension.swift */ = {isa = PBXFileReference; fileEncoding = 4; lastKnownFileType = sourcecode.swift; path = NSRange_extension.swift; sourceTree = "<group>"; };
		7E0FCFBBFA5179C6A340C219F5A2FFCE /* UnicodeScalar_extension.swift */ = {isa = PBXFileReference; fileEncoding = 4; lastKnownFileType = sourcecode.swift; path = UnicodeScalar_extension.swift; sourceTree = "<group>"; };
		7FED57AF9E6BB0CF72075D5E5D5E3410 /* DetailViewController.swift */ = {isa = PBXFileReference; lastKnownFileType = sourcecode.swift; path = DetailViewController.swift; sourceTree = "<group>"; };
		89F7ACC3525573225609D9CECE7C13E5 /* AppDelegate.swift */ = {isa = PBXFileReference; lastKnownFileType = sourcecode.swift; path = AppDelegate.swift; sourceTree = "<group>"; };
		8EBC14A424B3344F33643C89E71E85EC /* Bullet_UITextView_Extension.swift */ = {isa = PBXFileReference; fileEncoding = 4; lastKnownFileType = sourcecode.swift; path = Bullet_UITextView_Extension.swift; sourceTree = "<group>"; };
		92D9A208D077887724B5CDB3DF71B817 /* Info.plist */ = {isa = PBXFileReference; lastKnownFileType = text.plist.xml; path = Info.plist; sourceTree = "<group>"; };
		95AAF73DEA9F83208623A3EA64C6CB7F /* UINavigationController_extension.swift */ = {isa = PBXFileReference; fileEncoding = 4; lastKnownFileType = sourcecode.swift; path = UINavigationController_extension.swift; sourceTree = "<group>"; };
		9BD64467F52ECE6EE2BE729C0CD63E8B /* AddMailTableVC_Action.swift */ = {isa = PBXFileReference; lastKnownFileType = sourcecode.swift; path = AddMailTableVC_Action.swift; sourceTree = "<group>"; };
		9F8C008A78263F24F408DB3085555ED8 /* Light.app */ = {isa = PBXFileReference; explicitFileType = wrapper.application; includeInIndex = 0; path = Light.app; sourceTree = BUILT_PRODUCTS_DIR; };
		A30ADCB15897EB4BE1BF76C87598B9DD /* View_extension.swift */ = {isa = PBXFileReference; fileEncoding = 4; lastKnownFileType = sourcecode.swift; path = View_extension.swift; sourceTree = "<group>"; };
		A56D140F1FA5532189E95DB45E739C35 /* ViewController_extension.swift */ = {isa = PBXFileReference; lastKnownFileType = sourcecode.swift; path = ViewController_extension.swift; sourceTree = "<group>"; };
		A6732837ADFF087579F09AAC648EE4EE /* MailTableViewCell.swift */ = {isa = PBXFileReference; lastKnownFileType = sourcecode.swift; path = MailTableViewCell.swift; sourceTree = "<group>"; };
		B10BCC8E90855C9490724F4DA3FED58A /* MainVC_CollectionViewDelegate.swift */ = {isa = PBXFileReference; lastKnownFileType = sourcecode.swift; path = MainVC_CollectionViewDelegate.swift; sourceTree = "<group>"; };
		B135CE2531BF1D25DA5442078B7F73B7 /* Light.xcdatamodel */ = {isa = PBXFileReference; lastKnownFileType = wrapper.xcdatamodel; path = Light.xcdatamodel; sourceTree = "<group>"; };
		B41B8B59CFFFE2A68E3A26DDAA2ED4C0 /* Base */ = {isa = PBXFileReference; lastKnownFileType = file.storyboard; name = Base; path = Base.lproj/LaunchScreen.storyboard; sourceTree = "<group>"; };
		B4E80A511040B62AC7509EDA5C20F7BA /* Assets.xcassets */ = {isa = PBXFileReference; lastKnownFileType = folder.assetcatalog; path = Assets.xcassets; sourceTree = "<group>"; };
		B9AD40AEB0B1C249A8E837F8D1E57E0B /* StoreService.swift */ = {isa = PBXFileReference; fileEncoding = 4; lastKnownFileType = sourcecode.swift; path = StoreService.swift; sourceTree = "<group>"; };
		BE6C88236C744007242AE79F7D5FD28F /* MainViewController.swift */ = {isa = PBXFileReference; lastKnownFileType = sourcecode.swift; path = MainViewController.swift; sourceTree = "<group>"; };
		BF7B85440C5A9C14BA160B483CCA9CDA /* BottomView_TextViewDelegate.swift */ = {isa = PBXFileReference; lastKnownFileType = sourcecode.swift; path = BottomView_TextViewDelegate.swift; sourceTree = "<group>"; };
		C04D91D0F953C66494D8A169572871C0 /* PhotoCollectionViewController.swift */ = {isa = PBXFileReference; lastKnownFileType = sourcecode.swift; path = PhotoCollectionViewController.swift; sourceTree = "<group>"; };
		D25398FA950D6BF3D1A70819FD01DCAA /* AddMailTableViewController.swift */ = {isa = PBXFileReference; lastKnownFileType = sourcecode.swift; path = AddMailTableViewController.swift; sourceTree = "<group>"; };
		D2558B5F6A563E1CC40DFE1239438A30 /* PhotoCollectionViewCell.swift */ = {isa = PBXFileReference; fileEncoding = 4; lastKnownFileType = sourcecode.swift; path = PhotoCollectionViewCell.swift; sourceTree = "<group>"; };
		D394F59D292C5791988967A43E902C11 /* CalendarTableViewCell.swift */ = {isa = PBXFileReference; lastKnownFileType = sourcecode.swift; path = CalendarTableViewCell.swift; sourceTree = "<group>"; };
		D483FBFF2294308F19AD63699F806DC4 /* MainVC_CollectionViewDataSource.swift */ = {isa = PBXFileReference; lastKnownFileType = sourcecode.swift; path = MainVC_CollectionViewDataSource.swift; sourceTree = "<group>"; };
		DBA3DEDD048C078DF5DADC6B9A4078C8 /* Font_extension.swift */ = {isa = PBXFileReference; fileEncoding = 4; lastKnownFileType = sourcecode.swift; path = Font_extension.swift; sourceTree = "<group>"; };
		DD1E9BFE695D0902216FFB2658B1D243 /* LightTests.swift */ = {isa = PBXFileReference; lastKnownFileType = sourcecode.swift; path = LightTests.swift; sourceTree = "<group>"; };
		E203992D4863A992B1579D02CE396B2F /* NotificationView.swift */ = {isa = PBXFileReference; fileEncoding = 4; lastKnownFileType = sourcecode.swift; path = NotificationView.swift; sourceTree = "<group>"; };
		F13FE04C655B10D7F62375CF195A8AB5 /* BottomView.swift */ = {isa = PBXFileReference; lastKnownFileType = sourcecode.swift; path = BottomView.swift; sourceTree = "<group>"; };
		F372DDD61DD419F7D4A2970EE1C649A3 /* iOS.swift */ = {isa = PBXFileReference; fileEncoding = 4; lastKnownFileType = sourcecode.swift; path = iOS.swift; sourceTree = "<group>"; };
		F7E35219DC9953301DE56E663B552286 /* MailTableViewController.swift */ = {isa = PBXFileReference; lastKnownFileType = sourcecode.swift; path = MailTableViewController.swift; sourceTree = "<group>"; };
		F9E61C39AA0744D3813215A2FBDD4215 /* String_extension.swift */ = {isa = PBXFileReference; fileEncoding = 4; lastKnownFileType = sourcecode.swift; path = String_extension.swift; sourceTree = "<group>"; };
		FAEAE396AAE37B448BFAF7C7B416566E /* LoadingView.swift */ = {isa = PBXFileReference; fileEncoding = 4; lastKnownFileType = sourcecode.swift; path = LoadingView.swift; sourceTree = "<group>"; };
		FB845D9A5AF195A05163E719BCE14266 /* LightTests.xctest */ = {isa = PBXFileReference; explicitFileType = wrapper.cfbundle; includeInIndex = 0; path = LightTests.xctest; sourceTree = BUILT_PRODUCTS_DIR; };
		FBADE42F1B0BE29A2AFACDD916846EDE /* LightUITests.xctest */ = {isa = PBXFileReference; explicitFileType = wrapper.cfbundle; includeInIndex = 0; path = LightUITests.xctest; sourceTree = BUILT_PRODUCTS_DIR; };
		FCEFE02B49EE13E65D9B6CECE8EB3409 /* BottomView_Keyboard.swift */ = {isa = PBXFileReference; fileEncoding = 4; lastKnownFileType = sourcecode.swift; path = BottomView_Keyboard.swift; sourceTree = "<group>"; };
		FE3ACA20B52BD8FCEC22852CEAC6FA5C /* BulletKey.swift */ = {isa = PBXFileReference; fileEncoding = 4; lastKnownFileType = sourcecode.swift; path = BulletKey.swift; sourceTree = "<group>"; };
		FF4239434A704F23853F021C013D019C /* DetailTabBarViewController.swift */ = {isa = PBXFileReference; lastKnownFileType = sourcecode.swift; path = DetailTabBarViewController.swift; sourceTree = "<group>"; };
/* End PBXFileReference section */

/* Begin PBXFrameworksBuildPhase section */
		560696BB4FC7B3009DA53C724BA05AD7 /* Frameworks */ = {
			isa = PBXFrameworksBuildPhase;
			buildActionMask = 2147483647;
			files = (
			);
			runOnlyForDeploymentPostprocessing = 0;
		};
		52B286DCC4439CC91726738DC0156CA8 /* Frameworks */ = {
			isa = PBXFrameworksBuildPhase;
			buildActionMask = 2147483647;
			files = (
			);
			runOnlyForDeploymentPostprocessing = 0;
		};
		1772A5F5E606B8F8AED3B16D43B121A2 /* Frameworks */ = {
			isa = PBXFrameworksBuildPhase;
			buildActionMask = 2147483647;
			files = (
			);
			runOnlyForDeploymentPostprocessing = 0;
		};
/* End PBXFrameworksBuildPhase section */

/* Begin PBXGroup section */
		F86190AA3AAEA4ABADF18938BF13CAF6 = {
			isa = PBXGroup;
			children = (
				14C14E53F5AF7508C4BDF24195A54C3E /* Light */,
				40B2AC23004DF8319926368F0A9D7D32 /* LightTests */,
				875C5C3D8BC3D894883B2295E2D3765C /* LightUITests */,
				0CF09D7A474DA50DF84305D3DA10316B /* Products */,
			);
			sourceTree = "<group>";
		};
		0CF09D7A474DA50DF84305D3DA10316B /* Products */ = {
			isa = PBXGroup;
			children = (
				9F8C008A78263F24F408DB3085555ED8 /* Light.app */,
				FB845D9A5AF195A05163E719BCE14266 /* LightTests.xctest */,
				FBADE42F1B0BE29A2AFACDD916846EDE /* LightUITests.xctest */,
			);
			name = Products;
			sourceTree = "<group>";
		};
		14C14E53F5AF7508C4BDF24195A54C3E /* Light */ = {
			isa = PBXGroup;
			children = (
				FA8FBC64C102DF58976A144092C49E88 /* Common */,
				46125FCCDF7C3717080081900659A6AE /* Controller */,
				43496E8F5247D7F493888D39E32820FE /* Extension */,
				6713F7E0D63F04A420F2E8DAA1D8B95E /* Model */,
				F9018908E1A47705DE1489E2828B95C7 /* PlatformConvertible */,
				68ABA4F7CE01446DFA2A768E29EE1BBB /* Util */,
				2F0EFBDA6A71D9A4274EC384C07383C5 /* View */,
				89F7ACC3525573225609D9CECE7C13E5 /* AppDelegate.swift */,
				B4E80A511040B62AC7509EDA5C20F7BA /* Assets.xcassets */,
				053DBC55BA3AFCBFFCE7687A6ABBCE5D /* Info.plist */,
				1772F131B7EF546852B33BBF5F42580A /* LaunchScreen.storyboard */,
				90AE918602830F24292C946034327F00 /* Light.xcdatamodeld */,
				112676DDFCC7AB1DA022223610505B64 /* Main.storyboard */,
			);
			path = Light;
			sourceTree = "<group>";
		};
		40B2AC23004DF8319926368F0A9D7D32 /* LightTests */ = {
			isa = PBXGroup;
			children = (
				92D9A208D077887724B5CDB3DF71B817 /* Info.plist */,
				DD1E9BFE695D0902216FFB2658B1D243 /* LightTests.swift */,
			);
			path = LightTests;
			sourceTree = "<group>";
		};
		875C5C3D8BC3D894883B2295E2D3765C /* LightUITests */ = {
			isa = PBXGroup;
			children = (
				2296CD005B5CD665E1C7E2526BB92BB7 /* Info.plist */,
				1A063A3711C83FFEE1AC4E67D752B285 /* LightUITests.swift */,
			);
			path = LightUITests;
			sourceTree = "<group>";
		};
		A875378BFBBCDFCD5868A2C426453CE0 /* Cell */ = {
			isa = PBXGroup;
			children = (
				D394F59D292C5791988967A43E902C11 /* CalendarTableViewCell.swift */,
				4B77E1B86B0AE8AB5580BF6A83810B24 /* ContactTableViewCell.swift */,
				A6732837ADFF087579F09AAC648EE4EE /* MailTableViewCell.swift */,
				746384F84E9D09249B504E6E7D0AB825 /* NoteCollectionViewCell.swift */,
				D2558B5F6A563E1CC40DFE1239438A30 /* PhotoCollectionViewCell.swift */,
				017D184DD3C9CA177EE0E2C9C4A02730 /* ReminderTableViewCell.swift */,
			);
			path = Cell;
			sourceTree = "<group>";
		};
		F9018908E1A47705DE1489E2828B95C7 /* PlatformConvertible */ = {
			isa = PBXGroup;
			children = (
				F372DDD61DD419F7D4A2970EE1C649A3 /* iOS.swift */,
			);
			path = PlatformConvertible;
			sourceTree = "<group>";
		};
		C6555C2CA8CD0948C95499B0D34FA841 /* BottomView */ = {
			isa = PBXGroup;
			children = (
				F13FE04C655B10D7F62375CF195A8AB5 /* BottomView.swift */,
				0ACA9DFC424574992664584CA0C33F31 /* BottomView_Action.swift */,
				FCEFE02B49EE13E65D9B6CECE8EB3409 /* BottomView_Keyboard.swift */,
				BF7B85440C5A9C14BA160B483CCA9CDA /* BottomView_TextViewDelegate.swift */,
			);
			path = BottomView;
			sourceTree = "<group>";
		};
		FA8FBC64C102DF58976A144092C49E88 /* Common */ = {
			isa = PBXGroup;
			children = (
				FE3ACA20B52BD8FCEC22852CEAC6FA5C /* BulletKey.swift */,
				3EEF3870E35C565B2F05849F891D5382 /* BulletValue.swift */,
				8EBC14A424B3344F33643C89E71E85EC /* Bullet_UITextView_Extension.swift */,
				FAEAE396AAE37B448BFAF7C7B416566E /* LoadingView.swift */,
				13FBAA08E944037C12062CC3A73C6393 /* LoadingView.xib */,
				E203992D4863A992B1579D02CE396B2F /* NotificationView.swift */,
				168EC0A3E00FD45D1BF4E60829194322 /* NotificationView.xib */,
				43C9DF6CFD4D6DFA337CD265EA6EF145 /* Preference.swift */,
			);
			path = Common;
			sourceTree = "<group>";
		};
		43496E8F5247D7F493888D39E32820FE /* Extension */ = {
			isa = PBXGroup;
			children = (
				4CF4BA560760084E417CEE872600C496 /* Color_extension.swift */,
				6B62E543933164C6B985FF6CBDA8960D /* DateFormatter_extension.swift */,
				DBA3DEDD048C078DF5DADC6B9A4078C8 /* Font_extension.swift */,
				7AD6A15CE83A4E95EBA3DEB389F83124 /* NSRange_extension.swift */,
				F9E61C39AA0744D3813215A2FBDD4215 /* String_extension.swift */,
				95AAF73DEA9F83208623A3EA64C6CB7F /* UINavigationController_extension.swift */,
				7E0FCFBBFA5179C6A340C219F5A2FFCE /* UnicodeScalar_extension.swift */,
				A56D140F1FA5532189E95DB45E739C35 /* ViewController_extension.swift */,
				A30ADCB15897EB4BE1BF76C87598B9DD /* View_extension.swift */,
			);
			path = Extension;
			sourceTree = "<group>";
		};
		6713F7E0D63F04A420F2E8DAA1D8B95E /* Model */ = {
			isa = PBXGroup;
			children = (
				2EB2602AF0FD878A07D9508C27229A3C /* NSManagedObject_Extension.swift */,
				24EA8668516029AB28ABE2154877843B /* Note_extension.swift */,
			);
			path = Model;
			sourceTree = "<group>";
		};
		68ABA4F7CE01446DFA2A768E29EE1BBB /* Util */ = {
			isa = PBXGroup;
			children = (
				B9AD40AEB0B1C249A8E837F8D1E57E0B /* StoreService.swift */,
			);
			path = Util;
			sourceTree = "<group>";
		};
		2F0EFBDA6A71D9A4274EC384C07383C5 /* View */ = {
			isa = PBXGroup;
			children = (
				C6555C2CA8CD0948C95499B0D34FA841 /* BottomView */,
				A875378BFBBCDFCD5868A2C426453CE0 /* Cell */,
				09AA4EDA49CB26470DC4057970343FDA /* GrowingTextView.swift */,
				23CD74A9C50D4C244D3BD1F4BE453B7B /* LightTextView.swift */,
			);
			path = View;
			sourceTree = "<group>";
		};
		46125FCCDF7C3717080081900659A6AE /* Controller */ = {
			isa = PBXGroup;
			children = (
				F039829DF0B19BE4E16FB2CA4111E3BD /* DetailViewController */,
				4A39069A4503461D550003B902BA949B /* MainViewController */,
				F68A9BB2FFF5EE3EE2BE7C37BCE0EFEF /* ToolbarController */,
			);
			path = Controller;
			sourceTree = "<group>";
		};
		F039829DF0B19BE4E16FB2CA4111E3BD /* DetailViewController */ = {
			isa = PBXGroup;
			children = (
				FF4239434A704F23853F021C013D019C /* DetailTabBarViewController.swift */,
				26F43EA39CFF9F2EE2C47DC47B33013C /* DetailVC_TextViewDelegate.swift */,
				7FED57AF9E6BB0CF72075D5E5D5E3410 /* DetailViewController.swift */,
			);
			path = DetailViewController;
			sourceTree = "<group>";
		};
		4A39069A4503461D550003B902BA949B /* MainViewController */ = {
			isa = PBXGroup;
			children = (
				0E19632FACB2CF4AE0D7CAFF01FCA12C /* MainVC_BottomViewDelegate.swift */,
				D483FBFF2294308F19AD63699F806DC4 /* MainVC_CollectionViewDataSource.swift */,
				B10BCC8E90855C9490724F4DA3FED58A /* MainVC_CollectionViewDelegate.swift */,
				218CA44B435D6BEB614256FE5E693044 /* MainVC_ScrollViewDelegate.swift */,
				BE6C88236C744007242AE79F7D5FD28F /* MainViewController.swift */,
			);
			path = MainViewController;
			sourceTree = "<group>";
		};
		65A06FE21817C42BA40AACDF0B4A3D96 /* CalendarTableViewController */ = {
			isa = PBXGroup;
			children = (
				424FF01E13FCBE6E523ACADA7D4208ED /* CalendarTV_Action.swift */,
				3F86F52447F29A2E503EDEDA2C749A9C /* CalendarTableViewController.swift */,
			);
			path = CalendarTableViewController;
			sourceTree = "<group>";
		};
		3B19E69FF3C10455E9797DC36E177E0E /* ReminderTableViewController */ = {
			isa = PBXGroup;
			children = (
				066018506DB31B6DC627CAC3B8C1B4C5 /* ReminderTableViewController.swift */,
			);
			path = ReminderTableViewController;
			sourceTree = "<group>";
		};
		BDFA93815029906A71E32745A02B70AB /* ContactTableViewController */ = {
			isa = PBXGroup;
			children = (
				78FA414916BF05F98E271FB46CBD4CA3 /* ContactTableViewController.swift */,
			);
			path = ContactTableViewController;
			sourceTree = "<group>";
		};
		FF79DBCBAB3175C9051A6603A09AFD9E /* MailTableViewController */ = {
			isa = PBXGroup;
			children = (
				6529B0E75F541FE218265A8A5B41861F /* MailTableVC_Action.swift */,
				F7E35219DC9953301DE56E663B552286 /* MailTableViewController.swift */,
			);
			path = MailTableViewController;
			sourceTree = "<group>";
		};
		E9F1DF95ADF8C47ECD62838C39230C6C /* PhotoCollectionViewController */ = {
			isa = PBXGroup;
			children = (
				C04D91D0F953C66494D8A169572871C0 /* PhotoCollectionViewController.swift */,
			);
			path = PhotoCollectionViewController;
			sourceTree = "<group>";
		};
		6D677E50482C57A58FD5602511B1FB60 /* PhotoDetailViewController */ = {
			isa = PBXGroup;
			children = (
				3F4E6FC6D10082ABD7F4C86180BDA92C /* PhotoDetailViewController.swift */,
			);
			path = PhotoDetailViewController;
			sourceTree = "<group>";
		};
		EC9000E65E112F18376A79C7794084C9 /* AddMailTableViewController */ = {
			isa = PBXGroup;
			children = (
				9BD64467F52ECE6EE2BE729C0CD63E8B /* AddMailTableVC_Action.swift */,
				D25398FA950D6BF3D1A70819FD01DCAA /* AddMailTableViewController.swift */,
			);
			path = AddMailTableViewController;
			sourceTree = "<group>";
		};
		188F90049C736FB7ACCAE7B339CC1E09 /* DetailMailViewController */ = {
			isa = PBXGroup;
			children = (
				28976B345FC2F1EC3A68998B6C123638 /* DetailMailViewController.swift */,
			);
			path = DetailMailViewController;
			sourceTree = "<group>";
		};
		F68A9BB2FFF5EE3EE2BE7C37BCE0EFEF /* ToolbarController */ = {
			isa = PBXGroup;
			children = (
				EC9000E65E112F18376A79C7794084C9 /* AddMailTableViewController */,
				65A06FE21817C42BA40AACDF0B4A3D96 /* CalendarTableViewController */,
				BDFA93815029906A71E32745A02B70AB /* ContactTableViewController */,
				188F90049C736FB7ACCAE7B339CC1E09 /* DetailMailViewController */,
				FF79DBCBAB3175C9051A6603A09AFD9E /* MailTableViewController */,
				E9F1DF95ADF8C47ECD62838C39230C6C /* PhotoCollectionViewController */,
				6D677E50482C57A58FD5602511B1FB60 /* PhotoDetailViewController */,
				3B19E69FF3C10455E9797DC36E177E0E /* ReminderTableViewController */,
			);
			path = ToolbarController;
			sourceTree = "<group>";
		};
/* End PBXGroup section */

/* Begin PBXNativeTarget section */
		2545F7FA8962603C914352BA15BE67A7 /* Light */ = {
			isa = PBXNativeTarget;
			buildConfigurationList = 845D9E0479EEEEC137C9353916AB9A7C /* Build configuration list for PBXNativeTarget "Light" */;
			buildPhases = (
				1D4CEB09739A77EDA03719BE061D363A /* Sources */,
				560696BB4FC7B3009DA53C724BA05AD7 /* Frameworks */,
				9001A47B809060F781AC706B0B3ADB40 /* Resources */,
			);
			buildRules = (
			);
			dependencies = (
			);
			name = Light;
			productName = Light;
			productReference = 9F8C008A78263F24F408DB3085555ED8 /* Light.app */;
			productType = "com.apple.product-type.application";
		};
		39491C2C7E66825408CB3BA690E786BC /* LightTests */ = {
			isa = PBXNativeTarget;
			buildConfigurationList = 81B86034EDDED4846E894A2DEE77A224 /* Build configuration list for PBXNativeTarget "LightTests" */;
			buildPhases = (
				834EAE4E3E8969DB640E955991B0F550 /* Sources */,
				52B286DCC4439CC91726738DC0156CA8 /* Frameworks */,
				0658CD07F9EF1CB027625EB79758B683 /* Resources */,
			);
			buildRules = (
			);
			dependencies = (
				65135017A23FF785F6997D00C792C667 /* PBXTargetDependency */,
			);
			name = LightTests;
			productName = LightTests;
			productReference = FB845D9A5AF195A05163E719BCE14266 /* LightTests.xctest */;
			productType = "com.apple.product-type.bundle.unit-test";
		};
		7FDD777A8F36FE581BACBF38A9242A27 /* LightUITests */ = {
			isa = PBXNativeTarget;
			buildConfigurationList = 5A1C13ED9C37F6EE50FFA9D32B29E06D /* Build configuration list for PBXNativeTarget "LightUITests" */;
			buildPhases = (
				4703DC2F9C90E697E7272769F9F66460 /* Sources */,
				1772A5F5E606B8F8AED3B16D43B121A2 /* Frameworks */,
				B92B220B40F8302BE462CF3103BFB0B4 /* Resources */,
			);
			buildRules = (
			);
			dependencies = (
				D761D8BA0E66E5DC7B7A5C0EA19CC451 /* PBXTargetDependency */,
			);
			name = LightUITests;
			productName = LightUITests;
			productReference = FBADE42F1B0BE29A2AFACDD916846EDE /* LightUITests.xctest */;
			productType = "com.apple.product-type.bundle.ui-testing";
		};
/* End PBXNativeTarget section */

/* Begin PBXProject section */
		5AB6D5810162F602D21B9895BA5DDE0F /* Project object */ = {
			isa = PBXProject;
			attributes = {
				LastSwiftUpdateCheck = 0940;
				LastUpgradeCheck = 0940;
				ORGANIZATIONNAME = Piano;
				TargetAttributes = {
					2545F7FA8962603C914352BA15BE67A7 = {
						CreatedOnToolsVersion = 9.4.1;
					};
					39491C2C7E66825408CB3BA690E786BC = {
						CreatedOnToolsVersion = 9.4.1;
						TestTargetID = 2545F7FA8962603C914352BA15BE67A7;
					};
					7FDD777A8F36FE581BACBF38A9242A27 = {
						CreatedOnToolsVersion = 9.4.1;
						TestTargetID = 2545F7FA8962603C914352BA15BE67A7;
					};
				};
			};
			buildConfigurationList = 906A51B8449F047588361AACB498B67A /* Build configuration list for PBXProject "Light" */;
			compatibilityVersion = "Xcode 9.3";
			developmentRegion = en;
			hasScannedForEncodings = 0;
			knownRegions = (
				en,
				Base,
			);
			mainGroup = F86190AA3AAEA4ABADF18938BF13CAF6;
			productRefGroup = 0CF09D7A474DA50DF84305D3DA10316B /* Products */;
			projectDirPath = "";
			projectRoot = "";
			targets = (
				2545F7FA8962603C914352BA15BE67A7 /* Light */,
				39491C2C7E66825408CB3BA690E786BC /* LightTests */,
				7FDD777A8F36FE581BACBF38A9242A27 /* LightUITests */,
			);
		};
/* End PBXProject section */

/* Begin PBXResourcesBuildPhase section */
		9001A47B809060F781AC706B0B3ADB40 /* Resources */ = {
			isa = PBXResourcesBuildPhase;
			buildActionMask = 2147483647;
			files = (
				637758BD3AB015A2A651AC3EBB830130 /* Assets.xcassets in Resources */,
				12A0475BCDC30B88BF4D81EE357B25C5 /* LaunchScreen.storyboard in Resources */,
				785375B60CF886832066E8CC98553488 /* LoadingView.xib in Resources */,
				D1DA58F35C4131107EC488B86228D714 /* Main.storyboard in Resources */,
				A54BCB4656BF95F16D01760A9EA8328E /* NotificationView.xib in Resources */,
			);
			runOnlyForDeploymentPostprocessing = 0;
		};
		0658CD07F9EF1CB027625EB79758B683 /* Resources */ = {
			isa = PBXResourcesBuildPhase;
			buildActionMask = 2147483647;
			files = (
			);
			runOnlyForDeploymentPostprocessing = 0;
		};
		B92B220B40F8302BE462CF3103BFB0B4 /* Resources */ = {
			isa = PBXResourcesBuildPhase;
			buildActionMask = 2147483647;
			files = (
			);
			runOnlyForDeploymentPostprocessing = 0;
		};
/* End PBXResourcesBuildPhase section */

/* Begin PBXSourcesBuildPhase section */
		1D4CEB09739A77EDA03719BE061D363A /* Sources */ = {
			isa = PBXSourcesBuildPhase;
			buildActionMask = 2147483647;
			files = (
				E0B05708E45FC2D0D06FAD5BE5039332 /* AddMailTableVC_Action.swift in Sources */,
				732CCE6B139821E6442842DCB809E6C6 /* AddMailTableViewController.swift in Sources */,
				7BEFB19B9167EAF022D9A2537566AD0B /* AppDelegate.swift in Sources */,
				CE08A89F6109304BC9E48E26944BA79F /* BottomView.swift in Sources */,
				F828087690436DD333677670139E2143 /* BottomView_Action.swift in Sources */,
				0A61ACBDF4FD44BD36EAC9A7B278259C /* BottomView_Keyboard.swift in Sources */,
				904EF02E54C5C26041C55020C8D8E18A /* BottomView_TextViewDelegate.swift in Sources */,
				4629511533DED59352A02DEEFCB7915A /* BulletKey.swift in Sources */,
				E6FBC9EE640935D40543477D9ED60C53 /* BulletValue.swift in Sources */,
				E55D11AFF71BA4559447B8AB72ED7E1F /* Bullet_UITextView_Extension.swift in Sources */,
				48F11F0B454FEFFC78A9F4ECC3580566 /* CalendarTV_Action.swift in Sources */,
				FE1BD8F16CBBC1651006F4E9E786087E /* CalendarTableViewCell.swift in Sources */,
				5EF1227383A319164A76D98CB3937CDB /* CalendarTableViewController.swift in Sources */,
				8B34657C4346B399AF01958FB84F2406 /* Color_extension.swift in Sources */,
				ECAF3E091D7133BEE68E883DBFEDB97B /* ContactTableViewCell.swift in Sources */,
				A0C12B4D899095011077118B5A7E8940 /* ContactTableViewController.swift in Sources */,
				E7D0FBCA5025C279D5CDA2C3281EABE0 /* DateFormatter_extension.swift in Sources */,
				276D4E48F3821269CF02380F9CD496A5 /* DetailMailViewController.swift in Sources */,
				F4D3AED9EB9BF3E2441E1D57FBA453EC /* DetailTabBarViewController.swift in Sources */,
				400FEB9720EEA69D50920376795C9A12 /* DetailVC_TextViewDelegate.swift in Sources */,
				84D7A03AD964029717818C59811EA28F /* DetailViewController.swift in Sources */,
				739751E1CC8AAC9DA43EABC028B61196 /* Font_extension.swift in Sources */,
				0017D552894F824399D079A5C8BE1C4F /* GrowingTextView.swift in Sources */,
				9CB0A6BE50DEEA288ED25E84510A0138 /* Light.xcdatamodeld in Sources */,
				F297A84FF803276571D2A578AB38D733 /* LightTextView.swift in Sources */,
				D8A00E3BF486B9885628488B888F4496 /* LoadingView.swift in Sources */,
				5C1A2B4291390C62425826BA00D45A78 /* MailTableVC_Action.swift in Sources */,
				28EC44F14965E64F71E3FBA3D2465D4E /* MailTableViewCell.swift in Sources */,
				DD82E8125D694D1CF44556094167A864 /* MailTableViewController.swift in Sources */,
				A34A63FDBCC00B1FE196A41E7C19E3C8 /* MainVC_BottomViewDelegate.swift in Sources */,
				FF407D70220FFD949473B36FF513C383 /* MainVC_CollectionViewDataSource.swift in Sources */,
				12F5ACD5052FBBAB0C06DE90A6E566B7 /* MainVC_CollectionViewDelegate.swift in Sources */,
				D92A0494D15478E5A333744C5BAC66A6 /* MainVC_ScrollViewDelegate.swift in Sources */,
				A4325BAF9BDD004D03FDD9EBBB2E2FD7 /* MainViewController.swift in Sources */,
				1F9E52809308F27BDC01D325EEF920F9 /* NSManagedObject_Extension.swift in Sources */,
				3189CD5275162D7A7D5A220DEA4A9660 /* NSRange_extension.swift in Sources */,
				14E401F61CB2E13DB5D46CE458B286C9 /* NoteCollectionViewCell.swift in Sources */,
				C783979D367EFB178653060F9BE0C641 /* Note_extension.swift in Sources */,
				1C55616E7DA4A5311001A1AF77E1C281 /* NotificationView.swift in Sources */,
				F1E2E9165B27228F5677C24C763ECD2C /* PhotoCollectionViewCell.swift in Sources */,
				85E52F7DB61CEDAA49BFEAC77B88D884 /* PhotoCollectionViewController.swift in Sources */,
				CA5ACC89E526540F541A8A183686BBC9 /* PhotoDetailViewController.swift in Sources */,
				4B4B4A13AE96B1609F50557B59A9A4E0 /* Preference.swift in Sources */,
				4AF388A318DD8AEC015241F1D1CED58B /* ReminderTableViewCell.swift in Sources */,
				E26AEF334C3C4804E3CDF291176947F2 /* ReminderTableViewController.swift in Sources */,
				676318C9DAF61F01B169CF9806F9D479 /* StoreService.swift in Sources */,
				9EADB03048DF7126712F47D02467B373 /* String_extension.swift in Sources */,
				462AABF55B257ECFCA97D57382E4F990 /* UINavigationController_extension.swift in Sources */,
				D34E889F27CBFA5E234ED6F106D2BF73 /* UnicodeScalar_extension.swift in Sources */,
				D0ABFA61CE5898F0D86463A59DC71B44 /* ViewController_extension.swift in Sources */,
				B67E9858B8390E6D105AE9B480CD2AB7 /* View_extension.swift in Sources */,
				609B74499E06CCFA14C29C6CC623532D /* iOS.swift in Sources */,
			);
			runOnlyForDeploymentPostprocessing = 0;
		};
		834EAE4E3E8969DB640E955991B0F550 /* Sources */ = {
			isa = PBXSourcesBuildPhase;
			buildActionMask = 2147483647;
			files = (
				57040232C5BFE354354D4562D6B015DA /* LightTests.swift in Sources */,
			);
			runOnlyForDeploymentPostprocessing = 0;
		};
		4703DC2F9C90E697E7272769F9F66460 /* Sources */ = {
			isa = PBXSourcesBuildPhase;
			buildActionMask = 2147483647;
			files = (
				6349A3170B7D213B8FB479AA8FEF6330 /* LightUITests.swift in Sources */,
			);
			runOnlyForDeploymentPostprocessing = 0;
		};
/* End PBXSourcesBuildPhase section */

/* Begin PBXTargetDependency section */
		65135017A23FF785F6997D00C792C667 /* PBXTargetDependency */ = {
			isa = PBXTargetDependency;
			target = 2545F7FA8962603C914352BA15BE67A7 /* Light */;
			targetProxy = 7B633929A7D3446CEF86D02C5E5C899A /* PBXContainerItemProxy */;
		};
		D761D8BA0E66E5DC7B7A5C0EA19CC451 /* PBXTargetDependency */ = {
			isa = PBXTargetDependency;
			target = 2545F7FA8962603C914352BA15BE67A7 /* Light */;
			targetProxy = 86663F70542F55475B141738238713E6 /* PBXContainerItemProxy */;
		};
/* End PBXTargetDependency section */

/* Begin PBXVariantGroup section */
		112676DDFCC7AB1DA022223610505B64 /* Main.storyboard */ = {
			isa = PBXVariantGroup;
			children = (
				2EEBEB27CC41908BEAFBECEC0FF45EA4 /* Base */,
			);
			name = Main.storyboard;
			sourceTree = "<group>";
		};
		1772F131B7EF546852B33BBF5F42580A /* LaunchScreen.storyboard */ = {
			isa = PBXVariantGroup;
			children = (
				B41B8B59CFFFE2A68E3A26DDAA2ED4C0 /* Base */,
			);
			name = LaunchScreen.storyboard;
			sourceTree = "<group>";
		};
/* End PBXVariantGroup section */

/* Begin XCBuildConfiguration section */
		DF383AF2AF3BD532B8436D84623872BD /* Debug */ = {
			isa = XCBuildConfiguration;
			buildSettings = {
				ALWAYS_SEARCH_USER_PATHS = NO;
				CLANG_ANALYZER_NONNULL = YES;
				CLANG_ANALYZER_NUMBER_OBJECT_CONVERSION = YES_AGGRESSIVE;
				CLANG_CXX_LANGUAGE_STANDARD = "gnu++14";
				CLANG_CXX_LIBRARY = "libc++";
				CLANG_ENABLE_MODULES = YES;
				CLANG_ENABLE_OBJC_ARC = YES;
				CLANG_ENABLE_OBJC_WEAK = YES;
				CLANG_WARN_BLOCK_CAPTURE_AUTORELEASING = YES;
				CLANG_WARN_BOOL_CONVERSION = YES;
				CLANG_WARN_COMMA = YES;
				CLANG_WARN_CONSTANT_CONVERSION = YES;
				CLANG_WARN_DEPRECATED_OBJC_IMPLEMENTATIONS = YES;
				CLANG_WARN_DIRECT_OBJC_ISA_USAGE = YES_ERROR;
				CLANG_WARN_DOCUMENTATION_COMMENTS = YES;
				CLANG_WARN_EMPTY_BODY = YES;
				CLANG_WARN_ENUM_CONVERSION = YES;
				CLANG_WARN_INFINITE_RECURSION = YES;
				CLANG_WARN_INT_CONVERSION = YES;
				CLANG_WARN_NON_LITERAL_NULL_CONVERSION = YES;
				CLANG_WARN_OBJC_IMPLICIT_RETAIN_SELF = YES;
				CLANG_WARN_OBJC_LITERAL_CONVERSION = YES;
				CLANG_WARN_OBJC_ROOT_CLASS = YES_ERROR;
				CLANG_WARN_RANGE_LOOP_ANALYSIS = YES;
				CLANG_WARN_STRICT_PROTOTYPES = YES;
				CLANG_WARN_SUSPICIOUS_MOVE = YES;
				CLANG_WARN_UNGUARDED_AVAILABILITY = YES_AGGRESSIVE;
				CLANG_WARN_UNREACHABLE_CODE = YES;
				CLANG_WARN__DUPLICATE_METHOD_MATCH = YES;
				CODE_SIGN_IDENTITY = "iPhone Developer";
				COPY_PHASE_STRIP = NO;
				DEBUG_INFORMATION_FORMAT = dwarf;
				ENABLE_STRICT_OBJC_MSGSEND = YES;
				ENABLE_TESTABILITY = YES;
				GCC_C_LANGUAGE_STANDARD = gnu11;
				GCC_DYNAMIC_NO_PIC = NO;
				GCC_NO_COMMON_BLOCKS = YES;
				GCC_OPTIMIZATION_LEVEL = 0;
				GCC_PREPROCESSOR_DEFINITIONS = (
					"DEBUG=1",
					"$(inherited)",
				);
				GCC_WARN_64_TO_32_BIT_CONVERSION = YES;
				GCC_WARN_ABOUT_RETURN_TYPE = YES_ERROR;
				GCC_WARN_UNDECLARED_SELECTOR = YES;
				GCC_WARN_UNINITIALIZED_AUTOS = YES_AGGRESSIVE;
				GCC_WARN_UNUSED_FUNCTION = YES;
				GCC_WARN_UNUSED_VARIABLE = YES;
				IPHONEOS_DEPLOYMENT_TARGET = 11.4;
				MTL_ENABLE_DEBUG_INFO = YES;
				ONLY_ACTIVE_ARCH = YES;
				SDKROOT = iphoneos;
				SWIFT_ACTIVE_COMPILATION_CONDITIONS = DEBUG;
				SWIFT_OPTIMIZATION_LEVEL = "-Onone";
			};
			name = Debug;
		};
		FEF22E08087B1A618456689C9B2D2A1C /* Release */ = {
			isa = XCBuildConfiguration;
			buildSettings = {
				ALWAYS_SEARCH_USER_PATHS = NO;
				CLANG_ANALYZER_NONNULL = YES;
				CLANG_ANALYZER_NUMBER_OBJECT_CONVERSION = YES_AGGRESSIVE;
				CLANG_CXX_LANGUAGE_STANDARD = "gnu++14";
				CLANG_CXX_LIBRARY = "libc++";
				CLANG_ENABLE_MODULES = YES;
				CLANG_ENABLE_OBJC_ARC = YES;
				CLANG_ENABLE_OBJC_WEAK = YES;
				CLANG_WARN_BLOCK_CAPTURE_AUTORELEASING = YES;
				CLANG_WARN_BOOL_CONVERSION = YES;
				CLANG_WARN_COMMA = YES;
				CLANG_WARN_CONSTANT_CONVERSION = YES;
				CLANG_WARN_DEPRECATED_OBJC_IMPLEMENTATIONS = YES;
				CLANG_WARN_DIRECT_OBJC_ISA_USAGE = YES_ERROR;
				CLANG_WARN_DOCUMENTATION_COMMENTS = YES;
				CLANG_WARN_EMPTY_BODY = YES;
				CLANG_WARN_ENUM_CONVERSION = YES;
				CLANG_WARN_INFINITE_RECURSION = YES;
				CLANG_WARN_INT_CONVERSION = YES;
				CLANG_WARN_NON_LITERAL_NULL_CONVERSION = YES;
				CLANG_WARN_OBJC_IMPLICIT_RETAIN_SELF = YES;
				CLANG_WARN_OBJC_LITERAL_CONVERSION = YES;
				CLANG_WARN_OBJC_ROOT_CLASS = YES_ERROR;
				CLANG_WARN_RANGE_LOOP_ANALYSIS = YES;
				CLANG_WARN_STRICT_PROTOTYPES = YES;
				CLANG_WARN_SUSPICIOUS_MOVE = YES;
				CLANG_WARN_UNGUARDED_AVAILABILITY = YES_AGGRESSIVE;
				CLANG_WARN_UNREACHABLE_CODE = YES;
				CLANG_WARN__DUPLICATE_METHOD_MATCH = YES;
				CODE_SIGN_IDENTITY = "iPhone Developer";
				COPY_PHASE_STRIP = NO;
				DEBUG_INFORMATION_FORMAT = "dwarf-with-dsym";
				ENABLE_NS_ASSERTIONS = NO;
				ENABLE_STRICT_OBJC_MSGSEND = YES;
				GCC_C_LANGUAGE_STANDARD = gnu11;
				GCC_NO_COMMON_BLOCKS = YES;
				GCC_WARN_64_TO_32_BIT_CONVERSION = YES;
				GCC_WARN_ABOUT_RETURN_TYPE = YES_ERROR;
				GCC_WARN_UNDECLARED_SELECTOR = YES;
				GCC_WARN_UNINITIALIZED_AUTOS = YES_AGGRESSIVE;
				GCC_WARN_UNUSED_FUNCTION = YES;
				GCC_WARN_UNUSED_VARIABLE = YES;
				IPHONEOS_DEPLOYMENT_TARGET = 11.4;
				MTL_ENABLE_DEBUG_INFO = NO;
				SDKROOT = iphoneos;
				SWIFT_COMPILATION_MODE = wholemodule;
				SWIFT_OPTIMIZATION_LEVEL = "-O";
				VALIDATE_PRODUCT = YES;
			};
			name = Release;
		};
		A4A273C1650D735D85FCAA5A48F258C9 /* Debug */ = {
			isa = XCBuildConfiguration;
			buildSettings = {
				ASSETCATALOG_COMPILER_APPICON_NAME = AppIcon;
				CODE_SIGN_STYLE = Automatic;
				DEVELOPMENT_TEAM = U9KHV9D7LV;
				INFOPLIST_FILE = Light/Info.plist;
				LD_RUNPATH_SEARCH_PATHS = (
					"$(inherited)",
					"@executable_path/Frameworks",
				);
				PRODUCT_BUNDLE_IDENTIFIER = Piano.Light;
				PRODUCT_NAME = "$(TARGET_NAME)";
				SWIFT_VERSION = 4.0;
				TARGETED_DEVICE_FAMILY = "1,2";
			};
			name = Debug;
		};
		563A616B13EBAE941C8EC770B320B64D /* Release */ = {
			isa = XCBuildConfiguration;
			buildSettings = {
				ASSETCATALOG_COMPILER_APPICON_NAME = AppIcon;
				CODE_SIGN_STYLE = Automatic;
				DEVELOPMENT_TEAM = U9KHV9D7LV;
				INFOPLIST_FILE = Light/Info.plist;
				LD_RUNPATH_SEARCH_PATHS = (
					"$(inherited)",
					"@executable_path/Frameworks",
				);
				PRODUCT_BUNDLE_IDENTIFIER = Piano.Light;
				PRODUCT_NAME = "$(TARGET_NAME)";
				SWIFT_VERSION = 4.0;
				TARGETED_DEVICE_FAMILY = "1,2";
			};
			name = Release;
		};
		822F87837A0D3A382FD457969E66B0CC /* Debug */ = {
			isa = XCBuildConfiguration;
			buildSettings = {
				ALWAYS_EMBED_SWIFT_STANDARD_LIBRARIES = YES;
				BUNDLE_LOADER = "$(TEST_HOST)";
				CODE_SIGN_STYLE = Automatic;
				DEVELOPMENT_TEAM = U9KHV9D7LV;
				INFOPLIST_FILE = LightTests/Info.plist;
				LD_RUNPATH_SEARCH_PATHS = (
					"$(inherited)",
					"@executable_path/Frameworks",
					"@loader_path/Frameworks",
				);
				PRODUCT_BUNDLE_IDENTIFIER = Piano.LightTests;
				PRODUCT_NAME = "$(TARGET_NAME)";
				SWIFT_VERSION = 4.0;
				TARGETED_DEVICE_FAMILY = "1,2";
				TEST_HOST = "$(BUILT_PRODUCTS_DIR)/Light.app/Light";
			};
			name = Debug;
		};
		1774BDACA211C5CD82EE0CDF83274907 /* Release */ = {
			isa = XCBuildConfiguration;
			buildSettings = {
				ALWAYS_EMBED_SWIFT_STANDARD_LIBRARIES = YES;
				BUNDLE_LOADER = "$(TEST_HOST)";
				CODE_SIGN_STYLE = Automatic;
				DEVELOPMENT_TEAM = U9KHV9D7LV;
				INFOPLIST_FILE = LightTests/Info.plist;
				LD_RUNPATH_SEARCH_PATHS = (
					"$(inherited)",
					"@executable_path/Frameworks",
					"@loader_path/Frameworks",
				);
				PRODUCT_BUNDLE_IDENTIFIER = Piano.LightTests;
				PRODUCT_NAME = "$(TARGET_NAME)";
				SWIFT_VERSION = 4.0;
				TARGETED_DEVICE_FAMILY = "1,2";
				TEST_HOST = "$(BUILT_PRODUCTS_DIR)/Light.app/Light";
			};
			name = Release;
		};
		A4468176252088F2E6E1B24F81F75645 /* Debug */ = {
			isa = XCBuildConfiguration;
			buildSettings = {
				ALWAYS_EMBED_SWIFT_STANDARD_LIBRARIES = YES;
				CODE_SIGN_STYLE = Automatic;
				DEVELOPMENT_TEAM = U9KHV9D7LV;
				INFOPLIST_FILE = LightUITests/Info.plist;
				LD_RUNPATH_SEARCH_PATHS = (
					"$(inherited)",
					"@executable_path/Frameworks",
					"@loader_path/Frameworks",
				);
				PRODUCT_BUNDLE_IDENTIFIER = Piano.LightUITests;
				PRODUCT_NAME = "$(TARGET_NAME)";
				SWIFT_VERSION = 4.0;
				TARGETED_DEVICE_FAMILY = "1,2";
				TEST_TARGET_NAME = Light;
			};
			name = Debug;
		};
		C6DA0CC56B39B5F3BEA3A757A695568E /* Release */ = {
			isa = XCBuildConfiguration;
			buildSettings = {
				ALWAYS_EMBED_SWIFT_STANDARD_LIBRARIES = YES;
				CODE_SIGN_STYLE = Automatic;
				DEVELOPMENT_TEAM = U9KHV9D7LV;
				INFOPLIST_FILE = LightUITests/Info.plist;
				LD_RUNPATH_SEARCH_PATHS = (
					"$(inherited)",
					"@executable_path/Frameworks",
					"@loader_path/Frameworks",
				);
				PRODUCT_BUNDLE_IDENTIFIER = Piano.LightUITests;
				PRODUCT_NAME = "$(TARGET_NAME)";
				SWIFT_VERSION = 4.0;
				TARGETED_DEVICE_FAMILY = "1,2";
				TEST_TARGET_NAME = Light;
			};
			name = Release;
		};
/* End XCBuildConfiguration section */

/* Begin XCConfigurationList section */
		906A51B8449F047588361AACB498B67A /* Build configuration list for PBXProject "Light" */ = {
			isa = XCConfigurationList;
			buildConfigurations = (
				DF383AF2AF3BD532B8436D84623872BD /* Debug */,
				FEF22E08087B1A618456689C9B2D2A1C /* Release */,
			);
			defaultConfigurationIsVisible = 0;
			defaultConfigurationName = Release;
		};
		845D9E0479EEEEC137C9353916AB9A7C /* Build configuration list for PBXNativeTarget "Light" */ = {
			isa = XCConfigurationList;
			buildConfigurations = (
				A4A273C1650D735D85FCAA5A48F258C9 /* Debug */,
				563A616B13EBAE941C8EC770B320B64D /* Release */,
			);
			defaultConfigurationIsVisible = 0;
			defaultConfigurationName = Release;
		};
		81B86034EDDED4846E894A2DEE77A224 /* Build configuration list for PBXNativeTarget "LightTests" */ = {
			isa = XCConfigurationList;
			buildConfigurations = (
				822F87837A0D3A382FD457969E66B0CC /* Debug */,
				1774BDACA211C5CD82EE0CDF83274907 /* Release */,
			);
			defaultConfigurationIsVisible = 0;
			defaultConfigurationName = Release;
		};
		5A1C13ED9C37F6EE50FFA9D32B29E06D /* Build configuration list for PBXNativeTarget "LightUITests" */ = {
			isa = XCConfigurationList;
			buildConfigurations = (
				A4468176252088F2E6E1B24F81F75645 /* Debug */,
				C6DA0CC56B39B5F3BEA3A757A695568E /* Release */,
			);
			defaultConfigurationIsVisible = 0;
			defaultConfigurationName = Release;
		};
/* End XCConfigurationList section */

/* Begin XCVersionGroup section */
		90AE918602830F24292C946034327F00 /* Light.xcdatamodeld */ = {
			isa = XCVersionGroup;
			children = (
				B135CE2531BF1D25DA5442078B7F73B7 /* Light.xcdatamodel */,
			);
			currentVersion = B135CE2531BF1D25DA5442078B7F73B7 /* Light.xcdatamodel */;
			path = Light.xcdatamodeld;
			sourceTree = "<group>";
			versionGroupType = wrapper.xcdatamodel;
		};
/* End XCVersionGroup section */
	};
	rootObject = 5AB6D5810162F602D21B9895BA5DDE0F /* Project object */;
}
