// !$*UTF8*$!
{
	archiveVersion = 1;
	classes = {
	};
	objectVersion = 50;
	objects = {

/* Begin PBXBuildFile section */
		0017D552894F824399D079A5C8BE1C4F /* GrowingTextView.swift in Sources */ = {isa = PBXBuildFile; fileRef = 09AA4EDA49CB26470DC4057970343FDA /* GrowingTextView.swift */; };
		001C8A8373B49298561678DB93B9AD22 /* NSMutableAttributedString_extension.swift in Sources */ = {isa = PBXBuildFile; fileRef = 0C01FDDBA81F6F031041F6C99DF2C57F /* NSMutableAttributedString_extension.swift */; };
		0A61ACBDF4FD44BD36EAC9A7B278259C /* BottomView_Keyboard.swift in Sources */ = {isa = PBXBuildFile; fileRef = FCEFE02B49EE13E65D9B6CECE8EB3409 /* BottomView_Keyboard.swift */; };
		0D2E504D0BB0262D309146534342B4C0 /* MailTableViewController.swift in Sources */ = {isa = PBXBuildFile; fileRef = A5A298B3EA944D4DE53D4D4A8362A7DD /* MailTableViewController.swift */; };
		0DCB1FB12E3590CA30BE67093B316661 /* NoteVC_Action.swift in Sources */ = {isa = PBXBuildFile; fileRef = 56D8AA2EE7F2A28A27FD831DF1D13670 /* NoteVC_Action.swift */; };
		11D5BCC5B964D7009A3043CCEFD275CF /* ReminderViewController.swift in Sources */ = {isa = PBXBuildFile; fileRef = 1A314F70C49646BB3F856C3ACBABE465 /* ReminderViewController.swift */; };
		11DF01B512470D4F90C2511BAC8C6D68 /* ContactTableViewController.swift in Sources */ = {isa = PBXBuildFile; fileRef = 221AEBAF17D8A09D867596FAA5BADC85 /* ContactTableViewController.swift */; };
		12A0475BCDC30B88BF4D81EE357B25C5 /* LaunchScreen.storyboard in Resources */ = {isa = PBXBuildFile; fileRef = 1772F131B7EF546852B33BBF5F42580A /* LaunchScreen.storyboard */; };
		14E401F61CB2E13DB5D46CE458B286C9 /* NoteCollectionViewCell.swift in Sources */ = {isa = PBXBuildFile; fileRef = 746384F84E9D09249B504E6E7D0AB825 /* NoteCollectionViewCell.swift */; };
		15A1FBCF84008AE1F470E5B2644ED60A /* ConflictResolver.swift in Sources */ = {isa = PBXBuildFile; fileRef = 4AC895D341480263186AFCC33B00DAB7 /* ConflictResolver.swift */; };
		17114420D1EEE774801097B910A2231C /* PhotoAlbumTableViewCell.swift in Sources */ = {isa = PBXBuildFile; fileRef = 7C01CE995C46B73E4C9603895748D45E /* PhotoAlbumTableViewCell.swift */; };
		19C81294A162696EBC42DE4FD46A4257 /* CoreDataModel.swift in Sources */ = {isa = PBXBuildFile; fileRef = 866473C4E6EC892FCC758A5F90BE886A /* CoreDataModel.swift */; };
		1A8FAF67ED49EBE780E04F635F05FB7A /* Diff3.swift in Sources */ = {isa = PBXBuildFile; fileRef = 2E59273E900850FF658F76B5B83215E0 /* Diff3.swift */; };
		1C55616E7DA4A5311001A1AF77E1C281 /* NotificationView.swift in Sources */ = {isa = PBXBuildFile; fileRef = E203992D4863A992B1579D02CE396B2F /* NotificationView.swift */; };
		20BA20DEF6306C8E7729ED4154A5CAAA /* ReminderSuggestionTableView.swift in Sources */ = {isa = PBXBuildFile; fileRef = EAFF4EE1007CCA57EA740D620F9D3B3B /* ReminderSuggestionTableView.swift */; };
		21EBBBA7F8728CEBE9692C6CED738D01 /* CalendarSuggestionTableView.swift in Sources */ = {isa = PBXBuildFile; fileRef = 3276750D73B495B1FD61622AFC3D9F8B /* CalendarSuggestionTableView.swift */; };
		28EC44F14965E64F71E3FBA3D2465D4E /* MailTableViewCell.swift in Sources */ = {isa = PBXBuildFile; fileRef = A6732837ADFF087579F09AAC648EE4EE /* MailTableViewCell.swift */; };
		294A6D52766A052050184E92C25B78F7 /* CKDatabaseScope_extension.swift in Sources */ = {isa = PBXBuildFile; fileRef = C7569C40961AF589F3D3E2A651BF7D0C /* CKDatabaseScope_extension.swift */; };
		2B984BDF261A510E63AFD6B425CC973B /* Diff.swift in Sources */ = {isa = PBXBuildFile; fileRef = 33F386101B31A27190A10163C7134B9C /* Diff.swift */; };
		2EA001E6EEC904EE4D4359D54F7F966B /* MainViewController.swift in Sources */ = {isa = PBXBuildFile; fileRef = 228BDA61B5131CCE92D4D4EB82BDC80F /* MainViewController.swift */; };
		3189CD5275162D7A7D5A220DEA4A9660 /* NSRange_extension.swift in Sources */ = {isa = PBXBuildFile; fileRef = 7AD6A15CE83A4E95EBA3DEB389F83124 /* NSRange_extension.swift */; };
		369975ABF207DD6F58D16EE0BF4833A7 /* PhotoCollectionViewController.swift in Sources */ = {isa = PBXBuildFile; fileRef = 3F3A31F8EDDA59DD24031AFA3274E640 /* PhotoCollectionViewController.swift */; };
		383BC8918C4279154EC21D8DF38FB6B2 /* AddMailTableVC_Action.swift in Sources */ = {isa = PBXBuildFile; fileRef = FDA0531C11F3EF53E1BA82AFECFCDC0B /* AddMailTableVC_Action.swift */; };
		40126AAF7518D10C652B2037842AE6BB /* DetailTabBarViewController.swift in Sources */ = {isa = PBXBuildFile; fileRef = AE9E4DC2594115D5AC13CCB6EB66B253 /* DetailTabBarViewController.swift */; };
		4328DD59603A227F4FD2D6505888A75B /* MainVC_ScrollViewDelegate.swift in Sources */ = {isa = PBXBuildFile; fileRef = BE07BE5FC66FE9F699546AD9DE963A40 /* MainVC_ScrollViewDelegate.swift */; };
		4552428DBB4EF510CE47157EB90E38E2 /* SuggestionTableHeaderView.swift in Sources */ = {isa = PBXBuildFile; fileRef = F38766448109E3AFA83F9ECDFF2163B5 /* SuggestionTableHeaderView.swift */; };
		4629511533DED59352A02DEEFCB7915A /* BulletKey.swift in Sources */ = {isa = PBXBuildFile; fileRef = FE3ACA20B52BD8FCEC22852CEAC6FA5C /* BulletKey.swift */; };
		462AABF55B257ECFCA97D57382E4F990 /* UINavigationController_extension.swift in Sources */ = {isa = PBXBuildFile; fileRef = 95AAF73DEA9F83208623A3EA64C6CB7F /* UINavigationController_extension.swift */; };
		4ADD037534B63B2E1CC8D4FDC250BBC4 /* MainVC_BottomViewDelegate.swift in Sources */ = {isa = PBXBuildFile; fileRef = DC41D041CF92F332454B4776C7C7CCAD /* MainVC_BottomViewDelegate.swift */; };
		4AF388A318DD8AEC015241F1D1CED58B /* ReminderTableViewCell.swift in Sources */ = {isa = PBXBuildFile; fileRef = 017D184DD3C9CA177EE0E2C9C4A02730 /* ReminderTableViewCell.swift */; };
		4B4B4A13AE96B1609F50557B59A9A4E0 /* Preference.swift in Sources */ = {isa = PBXBuildFile; fileRef = 43C9DF6CFD4D6DFA337CD265EA6EF145 /* Preference.swift */; };
		562438B60356A93421876C2C2CCA8C28 /* Note_extension.swift in Sources */ = {isa = PBXBuildFile; fileRef = 459EE432AA228A1CD3FEA0A59DB4D0B6 /* Note_extension.swift */; };
		57040232C5BFE354354D4562D6B015DA /* LightTests.swift in Sources */ = {isa = PBXBuildFile; fileRef = DD1E9BFE695D0902216FFB2658B1D243 /* LightTests.swift */; };
		5C860E8892500231600DE3F3CB7E1506 /* MainVC_CollectionViewDataSource.swift in Sources */ = {isa = PBXBuildFile; fileRef = 2EBB50DBE4ABAFC01F1152E816C29530 /* MainVC_CollectionViewDataSource.swift */; };
		609B74499E06CCFA14C29C6CC623532D /* iOS.swift in Sources */ = {isa = PBXBuildFile; fileRef = F372DDD61DD419F7D4A2970EE1C649A3 /* iOS.swift */; };
		609EB1DCA105EED1936FC96A5E5735BC /* ReminderPickerTableViewController.swift in Sources */ = {isa = PBXBuildFile; fileRef = AAA8718289A7189C9318D298E59E26E9 /* ReminderPickerTableViewController.swift */; };
		62FD7BF1971B076B8AFEB3CC60742B7F /* Localizable.strings in Resources */ = {isa = PBXBuildFile; fileRef = 0278BE75CB49E894834D7CD9B6E333BA /* Localizable.strings */; };
		6349A3170B7D213B8FB479AA8FEF6330 /* LightUITests.swift in Sources */ = {isa = PBXBuildFile; fileRef = 1A063A3711C83FFEE1AC4E67D752B285 /* LightUITests.swift */; };
		637758BD3AB015A2A651AC3EBB830130 /* Assets.xcassets in Resources */ = {isa = PBXBuildFile; fileRef = B4E80A511040B62AC7509EDA5C20F7BA /* Assets.xcassets */; };
		676318C9DAF61F01B169CF9806F9D479 /* StoreService.swift in Sources */ = {isa = PBXBuildFile; fileRef = B9AD40AEB0B1C249A8E837F8D1E57E0B /* StoreService.swift */; };
		68F292682EC126FEC16F57D297FB6B73 /* CalendarPickerTableViewController.swift in Sources */ = {isa = PBXBuildFile; fileRef = FEB2120E8030FF54CEE13908B0AEE042 /* CalendarPickerTableViewController.swift */; };
		739751E1CC8AAC9DA43EABC028B61196 /* Font_extension.swift in Sources */ = {isa = PBXBuildFile; fileRef = DBA3DEDD048C078DF5DADC6B9A4078C8 /* Font_extension.swift */; };
		785375B60CF886832066E8CC98553488 /* LoadingView.xib in Resources */ = {isa = PBXBuildFile; fileRef = 13FBAA08E944037C12062CC3A73C6393 /* LoadingView.xib */; };
		78F64232185E76086CBAD2CA53FE754B /* NoteVC_TextViewDelegate.swift in Sources */ = {isa = PBXBuildFile; fileRef = 189B5E2BB8DB6BC935E2D6280CFF13B5 /* NoteVC_TextViewDelegate.swift */; };
		7AE8A36457355023F3109C856B3C387A /* CalendarViewController.swift in Sources */ = {isa = PBXBuildFile; fileRef = 7A7BFFC419A95FCFE1D556A84C4196CC /* CalendarViewController.swift */; };
		7BEFB19B9167EAF022D9A2537566AD0B /* AppDelegate.swift in Sources */ = {isa = PBXBuildFile; fileRef = 89F7ACC3525573225609D9CECE7C13E5 /* AppDelegate.swift */; };
		8A17C833B0A8FE2241C052A62D6E1FC7 /* MainVC_CollectionViewDelegate.swift in Sources */ = {isa = PBXBuildFile; fileRef = DA290DD24E495CD8F09C718E09C64680 /* MainVC_CollectionViewDelegate.swift */; };
		8B11E5952251F154312096C70AEC1536 /* CloudDatabase.swift in Sources */ = {isa = PBXBuildFile; fileRef = 5E68523F4EE86402FABCD48CC6F7F767 /* CloudDatabase.swift */; };
		8B34657C4346B399AF01958FB84F2406 /* Color_extension.swift in Sources */ = {isa = PBXBuildFile; fileRef = 4CF4BA560760084E417CEE872600C496 /* Color_extension.swift */; };
		8B79D0A9DB22C245FFBC1141184C0B95 /* CKError_extension.swift in Sources */ = {isa = PBXBuildFile; fileRef = B62743FDA45085F944ECBF148C02C0C0 /* CKError_extension.swift */; };
		904EF02E54C5C26041C55020C8D8E18A /* BottomView_TextViewDelegate.swift in Sources */ = {isa = PBXBuildFile; fileRef = BF7B85440C5A9C14BA160B483CCA9CDA /* BottomView_TextViewDelegate.swift */; };
		9CB0A6BE50DEEA288ED25E84510A0138 /* Light.xcdatamodeld in Sources */ = {isa = PBXBuildFile; fileRef = 90AE918602830F24292C946034327F00 /* Light.xcdatamodeld */; };
		9EADB03048DF7126712F47D02467B373 /* String_extension.swift in Sources */ = {isa = PBXBuildFile; fileRef = F9E61C39AA0744D3813215A2FBDD4215 /* String_extension.swift */; };
		A54BCB4656BF95F16D01760A9EA8328E /* NotificationView.xib in Resources */ = {isa = PBXBuildFile; fileRef = 168EC0A3E00FD45D1BF4E60829194322 /* NotificationView.xib */; };
		B043F110200A0D0F77B8673D384B0CE7 /* NoteSynchronizer.swift in Sources */ = {isa = PBXBuildFile; fileRef = 35FAE96AC36964997078F5BB9EA1ED1D /* NoteSynchronizer.swift */; };
		B458F6BF3B4CEC7FB9C7820C90A927E3 /* AddMailTableViewController.swift in Sources */ = {isa = PBXBuildFile; fileRef = B93BFDAD6A31204E1F8F19AFB81DFD99 /* AddMailTableViewController.swift */; };
		B67E9858B8390E6D105AE9B480CD2AB7 /* View_extension.swift in Sources */ = {isa = PBXBuildFile; fileRef = A30ADCB15897EB4BE1BF76C87598B9DD /* View_extension.swift */; };
		BCFE854AB2F8EFFE584A5E9DFE11FF08 /* DetailMailViewController.swift in Sources */ = {isa = PBXBuildFile; fileRef = E9F2DBB2F679CBE0242C746235F7422A /* DetailMailViewController.swift */; };
		C05BD95AFC1D1260BCF48F034013EAEB /* ContactPickerTableViewController.swift in Sources */ = {isa = PBXBuildFile; fileRef = 9848145F04D6C869FA42539666405A81 /* ContactPickerTableViewController.swift */; };
		C367FD3CDBF6058D683F1F5AADC96345 /* Util.swift in Sources */ = {isa = PBXBuildFile; fileRef = EE50EF95127189865990C7D6465A1DA1 /* Util.swift */; };
		C4C47B5A090F3103916B3ECE41C483DC /* Realm+CloudKit_extension.swift in Sources */ = {isa = PBXBuildFile; fileRef = A7D28E411ECF58B1B393C2427FDF2BC1 /* Realm+CloudKit_extension.swift */; };
		CC8316EA68ED171B234AF9FE24188C68 /* PhotoDetailViewController.swift in Sources */ = {isa = PBXBuildFile; fileRef = 00977345F134C8F0A190D11A2D098343 /* PhotoDetailViewController.swift */; };
		CE08A89F6109304BC9E48E26944BA79F /* BottomView.swift in Sources */ = {isa = PBXBuildFile; fileRef = F13FE04C655B10D7F62375CF195A8AB5 /* BottomView.swift */; };
		CE7DC415FB256B371DFB429E3810C3BE /* PhotoPickerCollectionViewController.swift in Sources */ = {isa = PBXBuildFile; fileRef = 26646E743F466B125BEEE9EF6D261010 /* PhotoPickerCollectionViewController.swift */; };
		CF8F379B948764482025F2779C9367EE /* NoteViewController.swift in Sources */ = {isa = PBXBuildFile; fileRef = 7DB0664D7B13DAB9E5499D2E21360C83 /* NoteViewController.swift */; };
		D0ABFA61CE5898F0D86463A59DC71B44 /* ViewController_extension.swift in Sources */ = {isa = PBXBuildFile; fileRef = A56D140F1FA5532189E95DB45E739C35 /* ViewController_extension.swift */; };
		D1DA58F35C4131107EC488B86228D714 /* Main.storyboard in Resources */ = {isa = PBXBuildFile; fileRef = 112676DDFCC7AB1DA022223610505B64 /* Main.storyboard */; };
		D34E889F27CBFA5E234ED6F106D2BF73 /* UnicodeScalar_extension.swift in Sources */ = {isa = PBXBuildFile; fileRef = 7E0FCFBBFA5179C6A340C219F5A2FFCE /* UnicodeScalar_extension.swift */; };
		D8934A8D3791FA70CBD9B55957B1541C /* Calendar_extention.swift in Sources */ = {isa = PBXBuildFile; fileRef = 018D39A133338CDF8EF85BE80DC6892A /* Calendar_extention.swift */; };
		D8A00E3BF486B9885628488B888F4496 /* LoadingView.swift in Sources */ = {isa = PBXBuildFile; fileRef = FAEAE396AAE37B448BFAF7C7B416566E /* LoadingView.swift */; };
		DA3F657BBC90963D4D4A2F7665917C67 /* InfoPlist.strings in Resources */ = {isa = PBXBuildFile; fileRef = 0E1C7EBF8BCE990BF8FD05B53FEBAB28 /* InfoPlist.strings */; };
		DCC321D2DDCBCB4819D6490C1F01D9E1 /* PhotoAlbumTableViewDataSource.swift in Sources */ = {isa = PBXBuildFile; fileRef = 3AB4C56441E2C5809C89285998E867C3 /* PhotoAlbumTableViewDataSource.swift */; };
		E31BEFAECBED1137C4847D1A275AE7EA /* RxCloudDatabase.swift in Sources */ = {isa = PBXBuildFile; fileRef = 131B4E3654F35998A2C9D3EC3BC0E631 /* RxCloudDatabase.swift */; };
		E55D11AFF71BA4559447B8AB72ED7E1F /* Bullet_UITextView_Extension.swift in Sources */ = {isa = PBXBuildFile; fileRef = 8EBC14A424B3344F33643C89E71E85EC /* Bullet_UITextView_Extension.swift */; };
		E5FD414A03C5900D488CF5084CC2B864 /* RxCloudDatabase_Subscription.swift in Sources */ = {isa = PBXBuildFile; fileRef = CA850D9214915DD77FCB684888DA37DB /* RxCloudDatabase_Subscription.swift */; };
		E6FBC9EE640935D40543477D9ED60C53 /* BulletValue.swift in Sources */ = {isa = PBXBuildFile; fileRef = 3EEF3870E35C565B2F05849F891D5382 /* BulletValue.swift */; };
		E7D0FBCA5025C279D5CDA2C3281EABE0 /* DateFormatter_extension.swift in Sources */ = {isa = PBXBuildFile; fileRef = 6B62E543933164C6B985FF6CBDA8960D /* DateFormatter_extension.swift */; };
		ECAF3E091D7133BEE68E883DBFEDB97B /* ContactTableViewCell.swift in Sources */ = {isa = PBXBuildFile; fileRef = 4B77E1B86B0AE8AB5580BF6A83810B24 /* ContactTableViewCell.swift */; };
		F1E2E9165B27228F5677C24C763ECD2C /* PhotoCollectionViewCell.swift in Sources */ = {isa = PBXBuildFile; fileRef = D2558B5F6A563E1CC40DFE1239438A30 /* PhotoCollectionViewCell.swift */; };
		F297A84FF803276571D2A578AB38D733 /* LightTextView.swift in Sources */ = {isa = PBXBuildFile; fileRef = 23CD74A9C50D4C244D3BD1F4BE453B7B /* LightTextView.swift */; };
		F7E6301205AAA46F64976627BE59A3A8 /* MailTableVC_Action.swift in Sources */ = {isa = PBXBuildFile; fileRef = C522DD46AC6F17A336160C363E6B0376 /* MailTableVC_Action.swift */; };
		F828087690436DD333677670139E2143 /* BottomView_Action.swift in Sources */ = {isa = PBXBuildFile; fileRef = 0ACA9DFC424574992664584CA0C33F31 /* BottomView_Action.swift */; };
		FE1BD8F16CBBC1651006F4E9E786087E /* CalendarTableViewCell.swift in Sources */ = {isa = PBXBuildFile; fileRef = D394F59D292C5791988967A43E902C11 /* CalendarTableViewCell.swift */; };
		FE8361DB7CD6ACC0E4E4ECD4ED57C693 /* Sync.swift in Sources */ = {isa = PBXBuildFile; fileRef = 0FDCBC8FDA4611236B36BD10F57FDC6A /* Sync.swift */; };
/* End PBXBuildFile section */

/* Begin PBXContainerItemProxy section */
		7B633929A7D3446CEF86D02C5E5C899A /* PBXContainerItemProxy */ = {
			isa = PBXContainerItemProxy;
			containerPortal = 5AB6D5810162F602D21B9895BA5DDE0F /* Project object */;
			proxyType = 1;
			remoteGlobalIDString = 2545F7FA8962603C914352BA15BE67A7;
			remoteInfo = Light;
		};
		86663F70542F55475B141738238713E6 /* PBXContainerItemProxy */ = {
			isa = PBXContainerItemProxy;
			containerPortal = 5AB6D5810162F602D21B9895BA5DDE0F /* Project object */;
			proxyType = 1;
			remoteGlobalIDString = 2545F7FA8962603C914352BA15BE67A7;
			remoteInfo = Light;
		};
/* End PBXContainerItemProxy section */

/* Begin PBXCopyFilesBuildPhase section */
		DE653DDD40BAE3B79BC3AA5AFC4E8D11 /* Embed Frameworks */ = {
			isa = PBXCopyFilesBuildPhase;
			buildActionMask = 2147483647;
			dstPath = "";
			dstSubfolderSpec = 10;
			files = (
			);
			name = "Embed Frameworks";
			runOnlyForDeploymentPostprocessing = 0;
		};
/* End PBXCopyFilesBuildPhase section */

/* Begin PBXFileReference section */
		00977345F134C8F0A190D11A2D098343 /* PhotoDetailViewController.swift */ = {isa = PBXFileReference; lastKnownFileType = sourcecode.swift; path = PhotoDetailViewController.swift; sourceTree = "<group>"; };
		017D184DD3C9CA177EE0E2C9C4A02730 /* ReminderTableViewCell.swift */ = {isa = PBXFileReference; lastKnownFileType = sourcecode.swift; path = ReminderTableViewCell.swift; sourceTree = "<group>"; };
		018D39A133338CDF8EF85BE80DC6892A /* Calendar_extention.swift */ = {isa = PBXFileReference; fileEncoding = 4; lastKnownFileType = sourcecode.swift; path = Calendar_extention.swift; sourceTree = "<group>"; };
		053DBC55BA3AFCBFFCE7687A6ABBCE5D /* Info.plist */ = {isa = PBXFileReference; lastKnownFileType = text.plist.xml; path = Info.plist; sourceTree = "<group>"; };
		09AA4EDA49CB26470DC4057970343FDA /* GrowingTextView.swift */ = {isa = PBXFileReference; fileEncoding = 4; lastKnownFileType = sourcecode.swift; path = GrowingTextView.swift; sourceTree = "<group>"; };
		0ACA9DFC424574992664584CA0C33F31 /* BottomView_Action.swift */ = {isa = PBXFileReference; lastKnownFileType = sourcecode.swift; path = BottomView_Action.swift; sourceTree = "<group>"; };
		0C01FDDBA81F6F031041F6C99DF2C57F /* NSMutableAttributedString_extension.swift */ = {isa = PBXFileReference; lastKnownFileType = sourcecode.swift; path = NSMutableAttributedString_extension.swift; sourceTree = "<group>"; };
		0FDCBC8FDA4611236B36BD10F57FDC6A /* Sync.swift */ = {isa = PBXFileReference; fileEncoding = 4; lastKnownFileType = sourcecode.swift; path = Sync.swift; sourceTree = "<group>"; };
		131B4E3654F35998A2C9D3EC3BC0E631 /* RxCloudDatabase.swift */ = {isa = PBXFileReference; fileEncoding = 4; lastKnownFileType = sourcecode.swift; path = RxCloudDatabase.swift; sourceTree = "<group>"; };
		13FBAA08E944037C12062CC3A73C6393 /* LoadingView.xib */ = {isa = PBXFileReference; lastKnownFileType = file.xib; path = LoadingView.xib; sourceTree = "<group>"; };
		168EC0A3E00FD45D1BF4E60829194322 /* NotificationView.xib */ = {isa = PBXFileReference; fileEncoding = 4; lastKnownFileType = file.xib; path = NotificationView.xib; sourceTree = "<group>"; };
		189B5E2BB8DB6BC935E2D6280CFF13B5 /* NoteVC_TextViewDelegate.swift */ = {isa = PBXFileReference; lastKnownFileType = sourcecode.swift; path = NoteVC_TextViewDelegate.swift; sourceTree = "<group>"; };
		194BE0CFF9E92D71F2A3673A847BF8B6 /* ko */ = {isa = PBXFileReference; lastKnownFileType = text.plist.strings; name = ko; path = ko.lproj/InfoPlist.strings; sourceTree = "<group>"; };
		1A063A3711C83FFEE1AC4E67D752B285 /* LightUITests.swift */ = {isa = PBXFileReference; lastKnownFileType = sourcecode.swift; path = LightUITests.swift; sourceTree = "<group>"; };
		1A314F70C49646BB3F856C3ACBABE465 /* ReminderViewController.swift */ = {isa = PBXFileReference; lastKnownFileType = sourcecode.swift; path = ReminderViewController.swift; sourceTree = "<group>"; };
		1B8ECEEE46A749B4EE39B5FC56E1091E /* Base */ = {isa = PBXFileReference; lastKnownFileType = text.plist.strings; name = Base; path = Base.lproj/Localizable.strings; sourceTree = "<group>"; };
		221AEBAF17D8A09D867596FAA5BADC85 /* ContactTableViewController.swift */ = {isa = PBXFileReference; lastKnownFileType = sourcecode.swift; path = ContactTableViewController.swift; sourceTree = "<group>"; };
		228BDA61B5131CCE92D4D4EB82BDC80F /* MainViewController.swift */ = {isa = PBXFileReference; lastKnownFileType = sourcecode.swift; path = MainViewController.swift; sourceTree = "<group>"; };
		2296CD005B5CD665E1C7E2526BB92BB7 /* Info.plist */ = {isa = PBXFileReference; lastKnownFileType = text.plist.xml; path = Info.plist; sourceTree = "<group>"; };
		23CD74A9C50D4C244D3BD1F4BE453B7B /* LightTextView.swift */ = {isa = PBXFileReference; lastKnownFileType = sourcecode.swift; path = LightTextView.swift; sourceTree = "<group>"; };
		26646E743F466B125BEEE9EF6D261010 /* PhotoPickerCollectionViewController.swift */ = {isa = PBXFileReference; fileEncoding = 4; lastKnownFileType = sourcecode.swift; path = PhotoPickerCollectionViewController.swift; sourceTree = "<group>"; };
		2E59273E900850FF658F76B5B83215E0 /* Diff3.swift */ = {isa = PBXFileReference; fileEncoding = 4; lastKnownFileType = sourcecode.swift; path = Diff3.swift; sourceTree = "<group>"; };
		2EBB50DBE4ABAFC01F1152E816C29530 /* MainVC_CollectionViewDataSource.swift */ = {isa = PBXFileReference; lastKnownFileType = sourcecode.swift; path = MainVC_CollectionViewDataSource.swift; sourceTree = "<group>"; };
		2EEBEB27CC41908BEAFBECEC0FF45EA4 /* Base */ = {isa = PBXFileReference; lastKnownFileType = file.storyboard; name = Base; path = Base.lproj/Main.storyboard; sourceTree = "<group>"; };
		3276750D73B495B1FD61622AFC3D9F8B /* CalendarSuggestionTableView.swift */ = {isa = PBXFileReference; lastKnownFileType = sourcecode.swift; path = CalendarSuggestionTableView.swift; sourceTree = "<group>"; };
		33F386101B31A27190A10163C7134B9C /* Diff.swift */ = {isa = PBXFileReference; fileEncoding = 4; lastKnownFileType = sourcecode.swift; path = Diff.swift; sourceTree = "<group>"; };
		35FAE96AC36964997078F5BB9EA1ED1D /* NoteSynchronizer.swift */ = {isa = PBXFileReference; fileEncoding = 4; lastKnownFileType = sourcecode.swift; path = NoteSynchronizer.swift; sourceTree = "<group>"; };
		3AB4C56441E2C5809C89285998E867C3 /* PhotoAlbumTableViewDataSource.swift */ = {isa = PBXFileReference; lastKnownFileType = sourcecode.swift; path = PhotoAlbumTableViewDataSource.swift; sourceTree = "<group>"; };
		3EEF3870E35C565B2F05849F891D5382 /* BulletValue.swift */ = {isa = PBXFileReference; fileEncoding = 4; lastKnownFileType = sourcecode.swift; path = BulletValue.swift; sourceTree = "<group>"; };
		3F3A31F8EDDA59DD24031AFA3274E640 /* PhotoCollectionViewController.swift */ = {isa = PBXFileReference; lastKnownFileType = sourcecode.swift; path = PhotoCollectionViewController.swift; sourceTree = "<group>"; };
		43C9DF6CFD4D6DFA337CD265EA6EF145 /* Preference.swift */ = {isa = PBXFileReference; fileEncoding = 4; lastKnownFileType = sourcecode.swift; path = Preference.swift; sourceTree = "<group>"; };
		459EE432AA228A1CD3FEA0A59DB4D0B6 /* Note_extension.swift */ = {isa = PBXFileReference; lastKnownFileType = sourcecode.swift; path = Note_extension.swift; sourceTree = "<group>"; };
		4AC895D341480263186AFCC33B00DAB7 /* ConflictResolver.swift */ = {isa = PBXFileReference; fileEncoding = 4; lastKnownFileType = sourcecode.swift; path = ConflictResolver.swift; sourceTree = "<group>"; };
		4B77E1B86B0AE8AB5580BF6A83810B24 /* ContactTableViewCell.swift */ = {isa = PBXFileReference; lastKnownFileType = sourcecode.swift; path = ContactTableViewCell.swift; sourceTree = "<group>"; };
		4CF4BA560760084E417CEE872600C496 /* Color_extension.swift */ = {isa = PBXFileReference; fileEncoding = 4; lastKnownFileType = sourcecode.swift; path = Color_extension.swift; sourceTree = "<group>"; };
		56D8AA2EE7F2A28A27FD831DF1D13670 /* NoteVC_Action.swift */ = {isa = PBXFileReference; fileEncoding = 4; lastKnownFileType = sourcecode.swift; path = NoteVC_Action.swift; sourceTree = "<group>"; };
		5E68523F4EE86402FABCD48CC6F7F767 /* CloudDatabase.swift */ = {isa = PBXFileReference; fileEncoding = 4; lastKnownFileType = sourcecode.swift; path = CloudDatabase.swift; sourceTree = "<group>"; };
		6B62E543933164C6B985FF6CBDA8960D /* DateFormatter_extension.swift */ = {isa = PBXFileReference; fileEncoding = 4; lastKnownFileType = sourcecode.swift; path = DateFormatter_extension.swift; sourceTree = "<group>"; };
		746384F84E9D09249B504E6E7D0AB825 /* NoteCollectionViewCell.swift */ = {isa = PBXFileReference; fileEncoding = 4; lastKnownFileType = sourcecode.swift; path = NoteCollectionViewCell.swift; sourceTree = "<group>"; };
		7A7BFFC419A95FCFE1D556A84C4196CC /* CalendarViewController.swift */ = {isa = PBXFileReference; lastKnownFileType = sourcecode.swift; path = CalendarViewController.swift; sourceTree = "<group>"; };
		7AD6A15CE83A4E95EBA3DEB389F83124 /* NSRange_extension.swift */ = {isa = PBXFileReference; fileEncoding = 4; lastKnownFileType = sourcecode.swift; path = NSRange_extension.swift; sourceTree = "<group>"; };
		7C01CE995C46B73E4C9603895748D45E /* PhotoAlbumTableViewCell.swift */ = {isa = PBXFileReference; lastKnownFileType = sourcecode.swift; path = PhotoAlbumTableViewCell.swift; sourceTree = "<group>"; };
		7DB0664D7B13DAB9E5499D2E21360C83 /* NoteViewController.swift */ = {isa = PBXFileReference; lastKnownFileType = sourcecode.swift; path = NoteViewController.swift; sourceTree = "<group>"; };
		7E0FCFBBFA5179C6A340C219F5A2FFCE /* UnicodeScalar_extension.swift */ = {isa = PBXFileReference; fileEncoding = 4; lastKnownFileType = sourcecode.swift; path = UnicodeScalar_extension.swift; sourceTree = "<group>"; };
		821FFF59B48FB451670A23ED2BFD2C76 /* ko */ = {isa = PBXFileReference; lastKnownFileType = text.plist.strings; name = ko; path = ko.lproj/Localizable.strings; sourceTree = "<group>"; };
		84B0908D3306BA772B8E55CBEA4E1060 /* Base */ = {isa = PBXFileReference; lastKnownFileType = text.plist.strings; name = Base; path = Base.lproj/InfoPlist.strings; sourceTree = "<group>"; };
		866473C4E6EC892FCC758A5F90BE886A /* CoreDataModel.swift */ = {isa = PBXFileReference; lastKnownFileType = sourcecode.swift; path = CoreDataModel.swift; sourceTree = "<group>"; };
		89F7ACC3525573225609D9CECE7C13E5 /* AppDelegate.swift */ = {isa = PBXFileReference; lastKnownFileType = sourcecode.swift; path = AppDelegate.swift; sourceTree = "<group>"; };
		8EBC14A424B3344F33643C89E71E85EC /* Bullet_UITextView_Extension.swift */ = {isa = PBXFileReference; fileEncoding = 4; lastKnownFileType = sourcecode.swift; path = Bullet_UITextView_Extension.swift; sourceTree = "<group>"; };
		92D9A208D077887724B5CDB3DF71B817 /* Info.plist */ = {isa = PBXFileReference; lastKnownFileType = text.plist.xml; path = Info.plist; sourceTree = "<group>"; };
		95AAF73DEA9F83208623A3EA64C6CB7F /* UINavigationController_extension.swift */ = {isa = PBXFileReference; fileEncoding = 4; lastKnownFileType = sourcecode.swift; path = UINavigationController_extension.swift; sourceTree = "<group>"; };
		9848145F04D6C869FA42539666405A81 /* ContactPickerTableViewController.swift */ = {isa = PBXFileReference; fileEncoding = 4; lastKnownFileType = sourcecode.swift; path = ContactPickerTableViewController.swift; sourceTree = "<group>"; };
		9F8C008A78263F24F408DB3085555ED8 /* Light.app */ = {isa = PBXFileReference; explicitFileType = wrapper.application; includeInIndex = 0; path = Light.app; sourceTree = BUILT_PRODUCTS_DIR; };
		A30ADCB15897EB4BE1BF76C87598B9DD /* View_extension.swift */ = {isa = PBXFileReference; fileEncoding = 4; lastKnownFileType = sourcecode.swift; path = View_extension.swift; sourceTree = "<group>"; };
		A56D140F1FA5532189E95DB45E739C35 /* ViewController_extension.swift */ = {isa = PBXFileReference; lastKnownFileType = sourcecode.swift; path = ViewController_extension.swift; sourceTree = "<group>"; };
		A5A298B3EA944D4DE53D4D4A8362A7DD /* MailTableViewController.swift */ = {isa = PBXFileReference; lastKnownFileType = sourcecode.swift; path = MailTableViewController.swift; sourceTree = "<group>"; };
		A6732837ADFF087579F09AAC648EE4EE /* MailTableViewCell.swift */ = {isa = PBXFileReference; lastKnownFileType = sourcecode.swift; path = MailTableViewCell.swift; sourceTree = "<group>"; };
		A7D28E411ECF58B1B393C2427FDF2BC1 /* Realm+CloudKit_extension.swift */ = {isa = PBXFileReference; fileEncoding = 4; lastKnownFileType = sourcecode.swift; path = "Realm+CloudKit_extension.swift"; sourceTree = "<group>"; };
		AAA8718289A7189C9318D298E59E26E9 /* ReminderPickerTableViewController.swift */ = {isa = PBXFileReference; fileEncoding = 4; lastKnownFileType = sourcecode.swift; path = ReminderPickerTableViewController.swift; sourceTree = "<group>"; };
		AE9E4DC2594115D5AC13CCB6EB66B253 /* DetailTabBarViewController.swift */ = {isa = PBXFileReference; lastKnownFileType = sourcecode.swift; path = DetailTabBarViewController.swift; sourceTree = "<group>"; };
		B135CE2531BF1D25DA5442078B7F73B7 /* Light.xcdatamodel */ = {isa = PBXFileReference; lastKnownFileType = wrapper.xcdatamodel; path = Light.xcdatamodel; sourceTree = "<group>"; };
		B41B8B59CFFFE2A68E3A26DDAA2ED4C0 /* Base */ = {isa = PBXFileReference; lastKnownFileType = file.storyboard; name = Base; path = Base.lproj/LaunchScreen.storyboard; sourceTree = "<group>"; };
		B4E80A511040B62AC7509EDA5C20F7BA /* Assets.xcassets */ = {isa = PBXFileReference; lastKnownFileType = folder.assetcatalog; path = Assets.xcassets; sourceTree = "<group>"; };
		B62743FDA45085F944ECBF148C02C0C0 /* CKError_extension.swift */ = {isa = PBXFileReference; fileEncoding = 4; lastKnownFileType = sourcecode.swift; path = CKError_extension.swift; sourceTree = "<group>"; };
		B93BFDAD6A31204E1F8F19AFB81DFD99 /* AddMailTableViewController.swift */ = {isa = PBXFileReference; lastKnownFileType = sourcecode.swift; path = AddMailTableViewController.swift; sourceTree = "<group>"; };
		B9AD40AEB0B1C249A8E837F8D1E57E0B /* StoreService.swift */ = {isa = PBXFileReference; fileEncoding = 4; lastKnownFileType = sourcecode.swift; path = StoreService.swift; sourceTree = "<group>"; };
		BE07BE5FC66FE9F699546AD9DE963A40 /* MainVC_ScrollViewDelegate.swift */ = {isa = PBXFileReference; lastKnownFileType = sourcecode.swift; path = MainVC_ScrollViewDelegate.swift; sourceTree = "<group>"; };
		BF7B85440C5A9C14BA160B483CCA9CDA /* BottomView_TextViewDelegate.swift */ = {isa = PBXFileReference; lastKnownFileType = sourcecode.swift; path = BottomView_TextViewDelegate.swift; sourceTree = "<group>"; };
		C522DD46AC6F17A336160C363E6B0376 /* MailTableVC_Action.swift */ = {isa = PBXFileReference; lastKnownFileType = sourcecode.swift; path = MailTableVC_Action.swift; sourceTree = "<group>"; };
		C7569C40961AF589F3D3E2A651BF7D0C /* CKDatabaseScope_extension.swift */ = {isa = PBXFileReference; fileEncoding = 4; lastKnownFileType = sourcecode.swift; path = CKDatabaseScope_extension.swift; sourceTree = "<group>"; };
		CA850D9214915DD77FCB684888DA37DB /* RxCloudDatabase_Subscription.swift */ = {isa = PBXFileReference; fileEncoding = 4; lastKnownFileType = sourcecode.swift; path = RxCloudDatabase_Subscription.swift; sourceTree = "<group>"; };
		D2558B5F6A563E1CC40DFE1239438A30 /* PhotoCollectionViewCell.swift */ = {isa = PBXFileReference; fileEncoding = 4; lastKnownFileType = sourcecode.swift; path = PhotoCollectionViewCell.swift; sourceTree = "<group>"; };
		D394F59D292C5791988967A43E902C11 /* CalendarTableViewCell.swift */ = {isa = PBXFileReference; lastKnownFileType = sourcecode.swift; path = CalendarTableViewCell.swift; sourceTree = "<group>"; };
		DA290DD24E495CD8F09C718E09C64680 /* MainVC_CollectionViewDelegate.swift */ = {isa = PBXFileReference; lastKnownFileType = sourcecode.swift; path = MainVC_CollectionViewDelegate.swift; sourceTree = "<group>"; };
		DBA3DEDD048C078DF5DADC6B9A4078C8 /* Font_extension.swift */ = {isa = PBXFileReference; fileEncoding = 4; lastKnownFileType = sourcecode.swift; path = Font_extension.swift; sourceTree = "<group>"; };
		DC41D041CF92F332454B4776C7C7CCAD /* MainVC_BottomViewDelegate.swift */ = {isa = PBXFileReference; lastKnownFileType = sourcecode.swift; path = MainVC_BottomViewDelegate.swift; sourceTree = "<group>"; };
		DD1E9BFE695D0902216FFB2658B1D243 /* LightTests.swift */ = {isa = PBXFileReference; lastKnownFileType = sourcecode.swift; path = LightTests.swift; sourceTree = "<group>"; };
		E203992D4863A992B1579D02CE396B2F /* NotificationView.swift */ = {isa = PBXFileReference; fileEncoding = 4; lastKnownFileType = sourcecode.swift; path = NotificationView.swift; sourceTree = "<group>"; };
		E9F2DBB2F679CBE0242C746235F7422A /* DetailMailViewController.swift */ = {isa = PBXFileReference; lastKnownFileType = sourcecode.swift; path = DetailMailViewController.swift; sourceTree = "<group>"; };
		EAFF4EE1007CCA57EA740D620F9D3B3B /* ReminderSuggestionTableView.swift */ = {isa = PBXFileReference; lastKnownFileType = sourcecode.swift; path = ReminderSuggestionTableView.swift; sourceTree = "<group>"; };
		EE50EF95127189865990C7D6465A1DA1 /* Util.swift */ = {isa = PBXFileReference; fileEncoding = 4; lastKnownFileType = sourcecode.swift; path = Util.swift; sourceTree = "<group>"; };
		F13FE04C655B10D7F62375CF195A8AB5 /* BottomView.swift */ = {isa = PBXFileReference; lastKnownFileType = sourcecode.swift; path = BottomView.swift; sourceTree = "<group>"; };
		F372DDD61DD419F7D4A2970EE1C649A3 /* iOS.swift */ = {isa = PBXFileReference; fileEncoding = 4; lastKnownFileType = sourcecode.swift; path = iOS.swift; sourceTree = "<group>"; };
		F38766448109E3AFA83F9ECDFF2163B5 /* SuggestionTableHeaderView.swift */ = {isa = PBXFileReference; fileEncoding = 4; lastKnownFileType = sourcecode.swift; path = SuggestionTableHeaderView.swift; sourceTree = "<group>"; };
		F9E61C39AA0744D3813215A2FBDD4215 /* String_extension.swift */ = {isa = PBXFileReference; fileEncoding = 4; lastKnownFileType = sourcecode.swift; path = String_extension.swift; sourceTree = "<group>"; };
		FAEAE396AAE37B448BFAF7C7B416566E /* LoadingView.swift */ = {isa = PBXFileReference; fileEncoding = 4; lastKnownFileType = sourcecode.swift; path = LoadingView.swift; sourceTree = "<group>"; };
		FB845D9A5AF195A05163E719BCE14266 /* LightTests.xctest */ = {isa = PBXFileReference; explicitFileType = wrapper.cfbundle; includeInIndex = 0; path = LightTests.xctest; sourceTree = BUILT_PRODUCTS_DIR; };
		FBADE42F1B0BE29A2AFACDD916846EDE /* LightUITests.xctest */ = {isa = PBXFileReference; explicitFileType = wrapper.cfbundle; includeInIndex = 0; path = LightUITests.xctest; sourceTree = BUILT_PRODUCTS_DIR; };
		FCEFE02B49EE13E65D9B6CECE8EB3409 /* BottomView_Keyboard.swift */ = {isa = PBXFileReference; fileEncoding = 4; lastKnownFileType = sourcecode.swift; path = BottomView_Keyboard.swift; sourceTree = "<group>"; };
		FDA0531C11F3EF53E1BA82AFECFCDC0B /* AddMailTableVC_Action.swift */ = {isa = PBXFileReference; lastKnownFileType = sourcecode.swift; path = AddMailTableVC_Action.swift; sourceTree = "<group>"; };
		FE3ACA20B52BD8FCEC22852CEAC6FA5C /* BulletKey.swift */ = {isa = PBXFileReference; fileEncoding = 4; lastKnownFileType = sourcecode.swift; path = BulletKey.swift; sourceTree = "<group>"; };
		FEB2120E8030FF54CEE13908B0AEE042 /* CalendarPickerTableViewController.swift */ = {isa = PBXFileReference; fileEncoding = 4; lastKnownFileType = sourcecode.swift; path = CalendarPickerTableViewController.swift; sourceTree = "<group>"; };
/* End PBXFileReference section */

/* Begin PBXFrameworksBuildPhase section */
		1772A5F5E606B8F8AED3B16D43B121A2 /* Frameworks */ = {
			isa = PBXFrameworksBuildPhase;
			buildActionMask = 2147483647;
			files = (
			);
			runOnlyForDeploymentPostprocessing = 0;
		};
		52B286DCC4439CC91726738DC0156CA8 /* Frameworks */ = {
			isa = PBXFrameworksBuildPhase;
			buildActionMask = 2147483647;
			files = (
			);
			runOnlyForDeploymentPostprocessing = 0;
		};
		560696BB4FC7B3009DA53C724BA05AD7 /* Frameworks */ = {
			isa = PBXFrameworksBuildPhase;
			buildActionMask = 2147483647;
			files = (
			);
			runOnlyForDeploymentPostprocessing = 0;
		};
/* End PBXFrameworksBuildPhase section */

/* Begin PBXGroup section */
		0CF09D7A474DA50DF84305D3DA10316B /* Products */ = {
			isa = PBXGroup;
			children = (
				9F8C008A78263F24F408DB3085555ED8 /* Light.app */,
				FB845D9A5AF195A05163E719BCE14266 /* LightTests.xctest */,
				FBADE42F1B0BE29A2AFACDD916846EDE /* LightUITests.xctest */,
			);
			name = Products;
			sourceTree = "<group>";
		};
		14C14E53F5AF7508C4BDF24195A54C3E /* Light */ = {
			isa = PBXGroup;
			children = (
				FA8FBC64C102DF58976A144092C49E88 /* Common */,
				46125FCCDF7C3717080081900659A6AE /* Controller */,
				43496E8F5247D7F493888D39E32820FE /* Extension */,
				F9018908E1A47705DE1489E2828B95C7 /* PlatformConvertible */,
				68ABA4F7CE01446DFA2A768E29EE1BBB /* Util */,
				2F0EFBDA6A71D9A4274EC384C07383C5 /* View */,
				71402185560681D2F32EC661B6EB2555 /* Zio */,
				89F7ACC3525573225609D9CECE7C13E5 /* AppDelegate.swift */,
				B4E80A511040B62AC7509EDA5C20F7BA /* Assets.xcassets */,
				053DBC55BA3AFCBFFCE7687A6ABBCE5D /* Info.plist */,
				0E1C7EBF8BCE990BF8FD05B53FEBAB28 /* InfoPlist.strings */,
				1772F131B7EF546852B33BBF5F42580A /* LaunchScreen.storyboard */,
				90AE918602830F24292C946034327F00 /* Light.xcdatamodeld */,
				0278BE75CB49E894834D7CD9B6E333BA /* Localizable.strings */,
				112676DDFCC7AB1DA022223610505B64 /* Main.storyboard */,
			);
			path = Light;
			sourceTree = "<group>";
		};
		180DD59F688F7A2C121D41CF069B4605 /* CoreDataModels */ = {
			isa = PBXGroup;
			children = (
				866473C4E6EC892FCC758A5F90BE886A /* CoreDataModel.swift */,
			);
			path = CoreDataModels;
			sourceTree = "<group>";
		};
		216AF6DE43B444FA750AEE4EA4B64536 /* CloudModels */ = {
			isa = PBXGroup;
			children = (
				C4854F681318682B182247C1C3AE855D /* Database */,
				D344474796259189663D69A2AB06BF4D /* Merge */,
				2291DE3A2C15E519F05DB06E7C2A17F5 /* Sync */,
			);
			path = CloudModels;
			sourceTree = "<group>";
		};
		2291DE3A2C15E519F05DB06E7C2A17F5 /* Sync */ = {
			isa = PBXGroup;
			children = (
				0FDCBC8FDA4611236B36BD10F57FDC6A /* Sync.swift */,
			);
			path = Sync;
			sourceTree = "<group>";
		};
		24763A700A2EFE9332B798CDDFB796A8 /* TabBar */ = {
			isa = PBXGroup;
			children = (
				8BDA27EBF51052425B2DC3DF5DC13AF5 /* CalendarTableViewController */,
				8C4914315C8E7D4B867B6D0BB23B72DC /* ContactTableViewController */,
				B150181CFCA837DC882C2E6EFB12640D /* MailTableViewController */,
				F422CA846ED3B042282A9C3E33130CE0 /* NoteViewController */,
				B042865F23D3AC3B142E98CC8A2FD4D0 /* PhotoCollectionViewController */,
				418EA1DBA0DD5BCFC69FC2BE90A9D2F2 /* ReminderTableViewController */,
				3276750D73B495B1FD61622AFC3D9F8B /* CalendarSuggestionTableView.swift */,
				EAFF4EE1007CCA57EA740D620F9D3B3B /* ReminderSuggestionTableView.swift */,
				F38766448109E3AFA83F9ECDFF2163B5 /* SuggestionTableHeaderView.swift */,
			);
			path = TabBar;
			sourceTree = "<group>";
		};
		28E8F05E16FBE0B5A1DC1EFED3C5FB39 /* DetailMailViewController */ = {
			isa = PBXGroup;
			children = (
				E9F2DBB2F679CBE0242C746235F7422A /* DetailMailViewController.swift */,
			);
			path = DetailMailViewController;
			sourceTree = "<group>";
		};
		2F0EFBDA6A71D9A4274EC384C07383C5 /* View */ = {
			isa = PBXGroup;
			children = (
				C6555C2CA8CD0948C95499B0D34FA841 /* BottomView */,
				A875378BFBBCDFCD5868A2C426453CE0 /* Cell */,
				09AA4EDA49CB26470DC4057970343FDA /* GrowingTextView.swift */,
				23CD74A9C50D4C244D3BD1F4BE453B7B /* LightTextView.swift */,
			);
			path = View;
			sourceTree = "<group>";
		};
		304A319C1E52B31967C2331DB5C41074 /* Main */ = {
			isa = PBXGroup;
			children = (
				DC41D041CF92F332454B4776C7C7CCAD /* MainVC_BottomViewDelegate.swift */,
				2EBB50DBE4ABAFC01F1152E816C29530 /* MainVC_CollectionViewDataSource.swift */,
				DA290DD24E495CD8F09C718E09C64680 /* MainVC_CollectionViewDelegate.swift */,
				BE07BE5FC66FE9F699546AD9DE963A40 /* MainVC_ScrollViewDelegate.swift */,
				228BDA61B5131CCE92D4D4EB82BDC80F /* MainViewController.swift */,
			);
			path = Main;
			sourceTree = "<group>";
		};
		40B2AC23004DF8319926368F0A9D7D32 /* LightTests */ = {
			isa = PBXGroup;
			children = (
				92D9A208D077887724B5CDB3DF71B817 /* Info.plist */,
				DD1E9BFE695D0902216FFB2658B1D243 /* LightTests.swift */,
			);
			path = LightTests;
			sourceTree = "<group>";
		};
		418EA1DBA0DD5BCFC69FC2BE90A9D2F2 /* ReminderTableViewController */ = {
			isa = PBXGroup;
			children = (
				AAA8718289A7189C9318D298E59E26E9 /* ReminderPickerTableViewController.swift */,
				1A314F70C49646BB3F856C3ACBABE465 /* ReminderViewController.swift */,
			);
			path = ReminderTableViewController;
			sourceTree = "<group>";
		};
		43496E8F5247D7F493888D39E32820FE /* Extension */ = {
			isa = PBXGroup;
			children = (
				018D39A133338CDF8EF85BE80DC6892A /* Calendar_extention.swift */,
				4CF4BA560760084E417CEE872600C496 /* Color_extension.swift */,
				6B62E543933164C6B985FF6CBDA8960D /* DateFormatter_extension.swift */,
				DBA3DEDD048C078DF5DADC6B9A4078C8 /* Font_extension.swift */,
				0C01FDDBA81F6F031041F6C99DF2C57F /* NSMutableAttributedString_extension.swift */,
				7AD6A15CE83A4E95EBA3DEB389F83124 /* NSRange_extension.swift */,
				459EE432AA228A1CD3FEA0A59DB4D0B6 /* Note_extension.swift */,
				F9E61C39AA0744D3813215A2FBDD4215 /* String_extension.swift */,
				95AAF73DEA9F83208623A3EA64C6CB7F /* UINavigationController_extension.swift */,
				7E0FCFBBFA5179C6A340C219F5A2FFCE /* UnicodeScalar_extension.swift */,
				A56D140F1FA5532189E95DB45E739C35 /* ViewController_extension.swift */,
				A30ADCB15897EB4BE1BF76C87598B9DD /* View_extension.swift */,
			);
			path = Extension;
			sourceTree = "<group>";
		};
		46125FCCDF7C3717080081900659A6AE /* Controller */ = {
			isa = PBXGroup;
			children = (
				C2A86E731DABDA8793DC24483C4ADC24 /* Detail */,
				304A319C1E52B31967C2331DB5C41074 /* Main */,
			);
			path = Controller;
			sourceTree = "<group>";
		};
		5E150AA6D3D3D8A72EF4B04085DFCEB6 /* AddMailTableViewController */ = {
			isa = PBXGroup;
			children = (
				FDA0531C11F3EF53E1BA82AFECFCDC0B /* AddMailTableVC_Action.swift */,
				B93BFDAD6A31204E1F8F19AFB81DFD99 /* AddMailTableViewController.swift */,
			);
			path = AddMailTableViewController;
			sourceTree = "<group>";
		};
		68061AB01FA9D66560857AB720AAC72A /* PhotoDetailViewController */ = {
			isa = PBXGroup;
			children = (
				00977345F134C8F0A190D11A2D098343 /* PhotoDetailViewController.swift */,
			);
			path = PhotoDetailViewController;
			sourceTree = "<group>";
		};
		68ABA4F7CE01446DFA2A768E29EE1BBB /* Util */ = {
			isa = PBXGroup;
			children = (
				B9AD40AEB0B1C249A8E837F8D1E57E0B /* StoreService.swift */,
			);
			path = Util;
			sourceTree = "<group>";
		};
		71402185560681D2F32EC661B6EB2555 /* Zio */ = {
			isa = PBXGroup;
			children = (
				216AF6DE43B444FA750AEE4EA4B64536 /* CloudModels */,
				180DD59F688F7A2C121D41CF069B4605 /* CoreDataModels */,
				C7569C40961AF589F3D3E2A651BF7D0C /* CKDatabaseScope_extension.swift */,
				B62743FDA45085F944ECBF148C02C0C0 /* CKError_extension.swift */,
				A7D28E411ECF58B1B393C2427FDF2BC1 /* Realm+CloudKit_extension.swift */,
				EE50EF95127189865990C7D6465A1DA1 /* Util.swift */,
			);
			path = Zio;
			sourceTree = "<group>";
		};
		875C5C3D8BC3D894883B2295E2D3765C /* LightUITests */ = {
			isa = PBXGroup;
			children = (
				2296CD005B5CD665E1C7E2526BB92BB7 /* Info.plist */,
				1A063A3711C83FFEE1AC4E67D752B285 /* LightUITests.swift */,
			);
			path = LightUITests;
			sourceTree = "<group>";
		};
		8BDA27EBF51052425B2DC3DF5DC13AF5 /* CalendarTableViewController */ = {
			isa = PBXGroup;
			children = (
				FEB2120E8030FF54CEE13908B0AEE042 /* CalendarPickerTableViewController.swift */,
				7A7BFFC419A95FCFE1D556A84C4196CC /* CalendarViewController.swift */,
			);
			path = CalendarTableViewController;
			sourceTree = "<group>";
		};
		8C4914315C8E7D4B867B6D0BB23B72DC /* ContactTableViewController */ = {
			isa = PBXGroup;
			children = (
				9848145F04D6C869FA42539666405A81 /* ContactPickerTableViewController.swift */,
				221AEBAF17D8A09D867596FAA5BADC85 /* ContactTableViewController.swift */,
			);
			path = ContactTableViewController;
			sourceTree = "<group>";
		};
		A875378BFBBCDFCD5868A2C426453CE0 /* Cell */ = {
			isa = PBXGroup;
			children = (
				D394F59D292C5791988967A43E902C11 /* CalendarTableViewCell.swift */,
				4B77E1B86B0AE8AB5580BF6A83810B24 /* ContactTableViewCell.swift */,
				A6732837ADFF087579F09AAC648EE4EE /* MailTableViewCell.swift */,
				746384F84E9D09249B504E6E7D0AB825 /* NoteCollectionViewCell.swift */,
				7C01CE995C46B73E4C9603895748D45E /* PhotoAlbumTableViewCell.swift */,
				D2558B5F6A563E1CC40DFE1239438A30 /* PhotoCollectionViewCell.swift */,
				017D184DD3C9CA177EE0E2C9C4A02730 /* ReminderTableViewCell.swift */,
			);
			path = Cell;
			sourceTree = "<group>";
		};
		AD501DC23B7CE8A3074628DB6E6BE237 /* Frameworks */ = {
			isa = PBXGroup;
			children = (
			);
			name = Frameworks;
			sourceTree = "<group>";
		};
		B042865F23D3AC3B142E98CC8A2FD4D0 /* PhotoCollectionViewController */ = {
			isa = PBXGroup;
			children = (
				68061AB01FA9D66560857AB720AAC72A /* PhotoDetailViewController */,
				3AB4C56441E2C5809C89285998E867C3 /* PhotoAlbumTableViewDataSource.swift */,
				3F3A31F8EDDA59DD24031AFA3274E640 /* PhotoCollectionViewController.swift */,
				26646E743F466B125BEEE9EF6D261010 /* PhotoPickerCollectionViewController.swift */,
			);
			path = PhotoCollectionViewController;
			sourceTree = "<group>";
		};
		B150181CFCA837DC882C2E6EFB12640D /* MailTableViewController */ = {
			isa = PBXGroup;
			children = (
				5E150AA6D3D3D8A72EF4B04085DFCEB6 /* AddMailTableViewController */,
				28E8F05E16FBE0B5A1DC1EFED3C5FB39 /* DetailMailViewController */,
				C522DD46AC6F17A336160C363E6B0376 /* MailTableVC_Action.swift */,
				A5A298B3EA944D4DE53D4D4A8362A7DD /* MailTableViewController.swift */,
			);
			path = MailTableViewController;
			sourceTree = "<group>";
		};
		C2A86E731DABDA8793DC24483C4ADC24 /* Detail */ = {
			isa = PBXGroup;
			children = (
				24763A700A2EFE9332B798CDDFB796A8 /* TabBar */,
				AE9E4DC2594115D5AC13CCB6EB66B253 /* DetailTabBarViewController.swift */,
			);
			path = Detail;
			sourceTree = "<group>";
		};
		C4854F681318682B182247C1C3AE855D /* Database */ = {
			isa = PBXGroup;
			children = (
				5E68523F4EE86402FABCD48CC6F7F767 /* CloudDatabase.swift */,
				131B4E3654F35998A2C9D3EC3BC0E631 /* RxCloudDatabase.swift */,
				CA850D9214915DD77FCB684888DA37DB /* RxCloudDatabase_Subscription.swift */,
			);
			path = Database;
			sourceTree = "<group>";
		};
		C6555C2CA8CD0948C95499B0D34FA841 /* BottomView */ = {
			isa = PBXGroup;
			children = (
				F13FE04C655B10D7F62375CF195A8AB5 /* BottomView.swift */,
				0ACA9DFC424574992664584CA0C33F31 /* BottomView_Action.swift */,
				FCEFE02B49EE13E65D9B6CECE8EB3409 /* BottomView_Keyboard.swift */,
				BF7B85440C5A9C14BA160B483CCA9CDA /* BottomView_TextViewDelegate.swift */,
			);
			path = BottomView;
			sourceTree = "<group>";
		};
		D344474796259189663D69A2AB06BF4D /* Merge */ = {
			isa = PBXGroup;
			children = (
				4AC895D341480263186AFCC33B00DAB7 /* ConflictResolver.swift */,
				33F386101B31A27190A10163C7134B9C /* Diff.swift */,
				2E59273E900850FF658F76B5B83215E0 /* Diff3.swift */,
				35FAE96AC36964997078F5BB9EA1ED1D /* NoteSynchronizer.swift */,
			);
			path = Merge;
			sourceTree = "<group>";
		};
		F422CA846ED3B042282A9C3E33130CE0 /* NoteViewController */ = {
			isa = PBXGroup;
			children = (
				56D8AA2EE7F2A28A27FD831DF1D13670 /* NoteVC_Action.swift */,
				189B5E2BB8DB6BC935E2D6280CFF13B5 /* NoteVC_TextViewDelegate.swift */,
				7DB0664D7B13DAB9E5499D2E21360C83 /* NoteViewController.swift */,
			);
			path = NoteViewController;
			sourceTree = "<group>";
		};
		F86190AA3AAEA4ABADF18938BF13CAF6 = {
			isa = PBXGroup;
			children = (
				AD501DC23B7CE8A3074628DB6E6BE237 /* Frameworks */,
				14C14E53F5AF7508C4BDF24195A54C3E /* Light */,
				40B2AC23004DF8319926368F0A9D7D32 /* LightTests */,
				875C5C3D8BC3D894883B2295E2D3765C /* LightUITests */,
				0CF09D7A474DA50DF84305D3DA10316B /* Products */,
			);
			sourceTree = "<group>";
		};
		F9018908E1A47705DE1489E2828B95C7 /* PlatformConvertible */ = {
			isa = PBXGroup;
			children = (
				F372DDD61DD419F7D4A2970EE1C649A3 /* iOS.swift */,
			);
			path = PlatformConvertible;
			sourceTree = "<group>";
		};
		FA8FBC64C102DF58976A144092C49E88 /* Common */ = {
			isa = PBXGroup;
			children = (
				FE3ACA20B52BD8FCEC22852CEAC6FA5C /* BulletKey.swift */,
				3EEF3870E35C565B2F05849F891D5382 /* BulletValue.swift */,
				8EBC14A424B3344F33643C89E71E85EC /* Bullet_UITextView_Extension.swift */,
				FAEAE396AAE37B448BFAF7C7B416566E /* LoadingView.swift */,
				13FBAA08E944037C12062CC3A73C6393 /* LoadingView.xib */,
				E203992D4863A992B1579D02CE396B2F /* NotificationView.swift */,
				168EC0A3E00FD45D1BF4E60829194322 /* NotificationView.xib */,
				43C9DF6CFD4D6DFA337CD265EA6EF145 /* Preference.swift */,
			);
			path = Common;
			sourceTree = "<group>";
		};
/* End PBXGroup section */

/* Begin PBXNativeTarget section */
		2545F7FA8962603C914352BA15BE67A7 /* Light */ = {
			isa = PBXNativeTarget;
			buildConfigurationList = 845D9E0479EEEEC137C9353916AB9A7C /* Build configuration list for PBXNativeTarget "Light" */;
			buildPhases = (
				1D4CEB09739A77EDA03719BE061D363A /* Sources */,
				560696BB4FC7B3009DA53C724BA05AD7 /* Frameworks */,
				9001A47B809060F781AC706B0B3ADB40 /* Resources */,
				DE653DDD40BAE3B79BC3AA5AFC4E8D11 /* Embed Frameworks */,
			);
			buildRules = (
			);
			dependencies = (
			);
			name = Light;
			productName = Light;
			productReference = 9F8C008A78263F24F408DB3085555ED8 /* Light.app */;
			productType = "com.apple.product-type.application";
		};
		39491C2C7E66825408CB3BA690E786BC /* LightTests */ = {
			isa = PBXNativeTarget;
			buildConfigurationList = 81B86034EDDED4846E894A2DEE77A224 /* Build configuration list for PBXNativeTarget "LightTests" */;
			buildPhases = (
				834EAE4E3E8969DB640E955991B0F550 /* Sources */,
				52B286DCC4439CC91726738DC0156CA8 /* Frameworks */,
				0658CD07F9EF1CB027625EB79758B683 /* Resources */,
			);
			buildRules = (
			);
			dependencies = (
				65135017A23FF785F6997D00C792C667 /* PBXTargetDependency */,
			);
			name = LightTests;
			productName = LightTests;
			productReference = FB845D9A5AF195A05163E719BCE14266 /* LightTests.xctest */;
			productType = "com.apple.product-type.bundle.unit-test";
		};
		7FDD777A8F36FE581BACBF38A9242A27 /* LightUITests */ = {
			isa = PBXNativeTarget;
			buildConfigurationList = 5A1C13ED9C37F6EE50FFA9D32B29E06D /* Build configuration list for PBXNativeTarget "LightUITests" */;
			buildPhases = (
				4703DC2F9C90E697E7272769F9F66460 /* Sources */,
				1772A5F5E606B8F8AED3B16D43B121A2 /* Frameworks */,
				B92B220B40F8302BE462CF3103BFB0B4 /* Resources */,
			);
			buildRules = (
			);
			dependencies = (
				D761D8BA0E66E5DC7B7A5C0EA19CC451 /* PBXTargetDependency */,
			);
			name = LightUITests;
			productName = LightUITests;
			productReference = FBADE42F1B0BE29A2AFACDD916846EDE /* LightUITests.xctest */;
			productType = "com.apple.product-type.bundle.ui-testing";
		};
/* End PBXNativeTarget section */

/* Begin PBXProject section */
		5AB6D5810162F602D21B9895BA5DDE0F /* Project object */ = {
			isa = PBXProject;
			attributes = {
				LastSwiftUpdateCheck = 0940;
				LastUpgradeCheck = 0940;
				ORGANIZATIONNAME = Piano;
				TargetAttributes = {
					2545F7FA8962603C914352BA15BE67A7 = {
						CreatedOnToolsVersion = 9.4.1;
					};
					39491C2C7E66825408CB3BA690E786BC = {
						CreatedOnToolsVersion = 9.4.1;
						TestTargetID = 2545F7FA8962603C914352BA15BE67A7;
					};
					7FDD777A8F36FE581BACBF38A9242A27 = {
						CreatedOnToolsVersion = 9.4.1;
						TestTargetID = 2545F7FA8962603C914352BA15BE67A7;
					};
				};
			};
			buildConfigurationList = 906A51B8449F047588361AACB498B67A /* Build configuration list for PBXProject "Light" */;
			compatibilityVersion = "Xcode 9.3";
			developmentRegion = en;
			hasScannedForEncodings = 0;
			knownRegions = (
				en,
				Base,
				ko,
			);
			mainGroup = F86190AA3AAEA4ABADF18938BF13CAF6;
			productRefGroup = 0CF09D7A474DA50DF84305D3DA10316B /* Products */;
			projectDirPath = "";
			projectRoot = "";
			targets = (
				2545F7FA8962603C914352BA15BE67A7 /* Light */,
				39491C2C7E66825408CB3BA690E786BC /* LightTests */,
				7FDD777A8F36FE581BACBF38A9242A27 /* LightUITests */,
			);
		};
/* End PBXProject section */

/* Begin PBXResourcesBuildPhase section */
		0658CD07F9EF1CB027625EB79758B683 /* Resources */ = {
			isa = PBXResourcesBuildPhase;
			buildActionMask = 2147483647;
			files = (
			);
			runOnlyForDeploymentPostprocessing = 0;
		};
		9001A47B809060F781AC706B0B3ADB40 /* Resources */ = {
			isa = PBXResourcesBuildPhase;
			buildActionMask = 2147483647;
			files = (
				637758BD3AB015A2A651AC3EBB830130 /* Assets.xcassets in Resources */,
				DA3F657BBC90963D4D4A2F7665917C67 /* InfoPlist.strings in Resources */,
				12A0475BCDC30B88BF4D81EE357B25C5 /* LaunchScreen.storyboard in Resources */,
				785375B60CF886832066E8CC98553488 /* LoadingView.xib in Resources */,
				62FD7BF1971B076B8AFEB3CC60742B7F /* Localizable.strings in Resources */,
				D1DA58F35C4131107EC488B86228D714 /* Main.storyboard in Resources */,
				A54BCB4656BF95F16D01760A9EA8328E /* NotificationView.xib in Resources */,
			);
			runOnlyForDeploymentPostprocessing = 0;
		};
		B92B220B40F8302BE462CF3103BFB0B4 /* Resources */ = {
			isa = PBXResourcesBuildPhase;
			buildActionMask = 2147483647;
			files = (
			);
			runOnlyForDeploymentPostprocessing = 0;
		};
/* End PBXResourcesBuildPhase section */

/* Begin PBXSourcesBuildPhase section */
		1D4CEB09739A77EDA03719BE061D363A /* Sources */ = {
			isa = PBXSourcesBuildPhase;
			buildActionMask = 2147483647;
			files = (
				383BC8918C4279154EC21D8DF38FB6B2 /* AddMailTableVC_Action.swift in Sources */,
				B458F6BF3B4CEC7FB9C7820C90A927E3 /* AddMailTableViewController.swift in Sources */,
				7BEFB19B9167EAF022D9A2537566AD0B /* AppDelegate.swift in Sources */,
				CE08A89F6109304BC9E48E26944BA79F /* BottomView.swift in Sources */,
				F828087690436DD333677670139E2143 /* BottomView_Action.swift in Sources */,
				0A61ACBDF4FD44BD36EAC9A7B278259C /* BottomView_Keyboard.swift in Sources */,
				904EF02E54C5C26041C55020C8D8E18A /* BottomView_TextViewDelegate.swift in Sources */,
				4629511533DED59352A02DEEFCB7915A /* BulletKey.swift in Sources */,
				E6FBC9EE640935D40543477D9ED60C53 /* BulletValue.swift in Sources */,
				E55D11AFF71BA4559447B8AB72ED7E1F /* Bullet_UITextView_Extension.swift in Sources */,
				294A6D52766A052050184E92C25B78F7 /* CKDatabaseScope_extension.swift in Sources */,
				8B79D0A9DB22C245FFBC1141184C0B95 /* CKError_extension.swift in Sources */,
				68F292682EC126FEC16F57D297FB6B73 /* CalendarPickerTableViewController.swift in Sources */,
				21EBBBA7F8728CEBE9692C6CED738D01 /* CalendarSuggestionTableView.swift in Sources */,
				FE1BD8F16CBBC1651006F4E9E786087E /* CalendarTableViewCell.swift in Sources */,
				7AE8A36457355023F3109C856B3C387A /* CalendarViewController.swift in Sources */,
				D8934A8D3791FA70CBD9B55957B1541C /* Calendar_extention.swift in Sources */,
				8B11E5952251F154312096C70AEC1536 /* CloudDatabase.swift in Sources */,
				8B34657C4346B399AF01958FB84F2406 /* Color_extension.swift in Sources */,
				15A1FBCF84008AE1F470E5B2644ED60A /* ConflictResolver.swift in Sources */,
				C05BD95AFC1D1260BCF48F034013EAEB /* ContactPickerTableViewController.swift in Sources */,
				ECAF3E091D7133BEE68E883DBFEDB97B /* ContactTableViewCell.swift in Sources */,
				11DF01B512470D4F90C2511BAC8C6D68 /* ContactTableViewController.swift in Sources */,
				19C81294A162696EBC42DE4FD46A4257 /* CoreDataModel.swift in Sources */,
				E7D0FBCA5025C279D5CDA2C3281EABE0 /* DateFormatter_extension.swift in Sources */,
				BCFE854AB2F8EFFE584A5E9DFE11FF08 /* DetailMailViewController.swift in Sources */,
				40126AAF7518D10C652B2037842AE6BB /* DetailTabBarViewController.swift in Sources */,
				2B984BDF261A510E63AFD6B425CC973B /* Diff.swift in Sources */,
				1A8FAF67ED49EBE780E04F635F05FB7A /* Diff3.swift in Sources */,
				739751E1CC8AAC9DA43EABC028B61196 /* Font_extension.swift in Sources */,
				0017D552894F824399D079A5C8BE1C4F /* GrowingTextView.swift in Sources */,
				9CB0A6BE50DEEA288ED25E84510A0138 /* Light.xcdatamodeld in Sources */,
				F297A84FF803276571D2A578AB38D733 /* LightTextView.swift in Sources */,
				D8A00E3BF486B9885628488B888F4496 /* LoadingView.swift in Sources */,
				F7E6301205AAA46F64976627BE59A3A8 /* MailTableVC_Action.swift in Sources */,
				28EC44F14965E64F71E3FBA3D2465D4E /* MailTableViewCell.swift in Sources */,
				0D2E504D0BB0262D309146534342B4C0 /* MailTableViewController.swift in Sources */,
				4ADD037534B63B2E1CC8D4FDC250BBC4 /* MainVC_BottomViewDelegate.swift in Sources */,
				5C860E8892500231600DE3F3CB7E1506 /* MainVC_CollectionViewDataSource.swift in Sources */,
				8A17C833B0A8FE2241C052A62D6E1FC7 /* MainVC_CollectionViewDelegate.swift in Sources */,
				4328DD59603A227F4FD2D6505888A75B /* MainVC_ScrollViewDelegate.swift in Sources */,
				2EA001E6EEC904EE4D4359D54F7F966B /* MainViewController.swift in Sources */,
				001C8A8373B49298561678DB93B9AD22 /* NSMutableAttributedString_extension.swift in Sources */,
				3189CD5275162D7A7D5A220DEA4A9660 /* NSRange_extension.swift in Sources */,
				14E401F61CB2E13DB5D46CE458B286C9 /* NoteCollectionViewCell.swift in Sources */,
				B043F110200A0D0F77B8673D384B0CE7 /* NoteSynchronizer.swift in Sources */,
				0DCB1FB12E3590CA30BE67093B316661 /* NoteVC_Action.swift in Sources */,
				78F64232185E76086CBAD2CA53FE754B /* NoteVC_TextViewDelegate.swift in Sources */,
				CF8F379B948764482025F2779C9367EE /* NoteViewController.swift in Sources */,
				562438B60356A93421876C2C2CCA8C28 /* Note_extension.swift in Sources */,
				1C55616E7DA4A5311001A1AF77E1C281 /* NotificationView.swift in Sources */,
				17114420D1EEE774801097B910A2231C /* PhotoAlbumTableViewCell.swift in Sources */,
				DCC321D2DDCBCB4819D6490C1F01D9E1 /* PhotoAlbumTableViewDataSource.swift in Sources */,
				F1E2E9165B27228F5677C24C763ECD2C /* PhotoCollectionViewCell.swift in Sources */,
				369975ABF207DD6F58D16EE0BF4833A7 /* PhotoCollectionViewController.swift in Sources */,
				CC8316EA68ED171B234AF9FE24188C68 /* PhotoDetailViewController.swift in Sources */,
				CE7DC415FB256B371DFB429E3810C3BE /* PhotoPickerCollectionViewController.swift in Sources */,
				4B4B4A13AE96B1609F50557B59A9A4E0 /* Preference.swift in Sources */,
				C4C47B5A090F3103916B3ECE41C483DC /* Realm+CloudKit_extension.swift in Sources */,
				609EB1DCA105EED1936FC96A5E5735BC /* ReminderPickerTableViewController.swift in Sources */,
				20BA20DEF6306C8E7729ED4154A5CAAA /* ReminderSuggestionTableView.swift in Sources */,
				4AF388A318DD8AEC015241F1D1CED58B /* ReminderTableViewCell.swift in Sources */,
				11D5BCC5B964D7009A3043CCEFD275CF /* ReminderViewController.swift in Sources */,
				E31BEFAECBED1137C4847D1A275AE7EA /* RxCloudDatabase.swift in Sources */,
				E5FD414A03C5900D488CF5084CC2B864 /* RxCloudDatabase_Subscription.swift in Sources */,
				676318C9DAF61F01B169CF9806F9D479 /* StoreService.swift in Sources */,
				9EADB03048DF7126712F47D02467B373 /* String_extension.swift in Sources */,
				4552428DBB4EF510CE47157EB90E38E2 /* SuggestionTableHeaderView.swift in Sources */,
				FE8361DB7CD6ACC0E4E4ECD4ED57C693 /* Sync.swift in Sources */,
				462AABF55B257ECFCA97D57382E4F990 /* UINavigationController_extension.swift in Sources */,
				D34E889F27CBFA5E234ED6F106D2BF73 /* UnicodeScalar_extension.swift in Sources */,
				C367FD3CDBF6058D683F1F5AADC96345 /* Util.swift in Sources */,
				D0ABFA61CE5898F0D86463A59DC71B44 /* ViewController_extension.swift in Sources */,
				B67E9858B8390E6D105AE9B480CD2AB7 /* View_extension.swift in Sources */,
				609B74499E06CCFA14C29C6CC623532D /* iOS.swift in Sources */,
			);
			runOnlyForDeploymentPostprocessing = 0;
		};
		4703DC2F9C90E697E7272769F9F66460 /* Sources */ = {
			isa = PBXSourcesBuildPhase;
			buildActionMask = 2147483647;
			files = (
				6349A3170B7D213B8FB479AA8FEF6330 /* LightUITests.swift in Sources */,
			);
			runOnlyForDeploymentPostprocessing = 0;
		};
		834EAE4E3E8969DB640E955991B0F550 /* Sources */ = {
			isa = PBXSourcesBuildPhase;
			buildActionMask = 2147483647;
			files = (
				57040232C5BFE354354D4562D6B015DA /* LightTests.swift in Sources */,
			);
			runOnlyForDeploymentPostprocessing = 0;
		};
/* End PBXSourcesBuildPhase section */

/* Begin PBXTargetDependency section */
		65135017A23FF785F6997D00C792C667 /* PBXTargetDependency */ = {
			isa = PBXTargetDependency;
			target = 2545F7FA8962603C914352BA15BE67A7 /* Light */;
			targetProxy = 7B633929A7D3446CEF86D02C5E5C899A /* PBXContainerItemProxy */;
		};
		D761D8BA0E66E5DC7B7A5C0EA19CC451 /* PBXTargetDependency */ = {
			isa = PBXTargetDependency;
			target = 2545F7FA8962603C914352BA15BE67A7 /* Light */;
			targetProxy = 86663F70542F55475B141738238713E6 /* PBXContainerItemProxy */;
		};
/* End PBXTargetDependency section */

/* Begin PBXVariantGroup section */
		0278BE75CB49E894834D7CD9B6E333BA /* Localizable.strings */ = {
			isa = PBXVariantGroup;
			children = (
				1B8ECEEE46A749B4EE39B5FC56E1091E /* Base */,
				821FFF59B48FB451670A23ED2BFD2C76 /* ko */,
			);
			name = Localizable.strings;
			sourceTree = "<group>";
		};
		0E1C7EBF8BCE990BF8FD05B53FEBAB28 /* InfoPlist.strings */ = {
			isa = PBXVariantGroup;
			children = (
				84B0908D3306BA772B8E55CBEA4E1060 /* Base */,
				194BE0CFF9E92D71F2A3673A847BF8B6 /* ko */,
			);
			name = InfoPlist.strings;
			sourceTree = "<group>";
		};
		112676DDFCC7AB1DA022223610505B64 /* Main.storyboard */ = {
			isa = PBXVariantGroup;
			children = (
				2EEBEB27CC41908BEAFBECEC0FF45EA4 /* Base */,
			);
			name = Main.storyboard;
			sourceTree = "<group>";
		};
		1772F131B7EF546852B33BBF5F42580A /* LaunchScreen.storyboard */ = {
			isa = PBXVariantGroup;
			children = (
				B41B8B59CFFFE2A68E3A26DDAA2ED4C0 /* Base */,
			);
			name = LaunchScreen.storyboard;
			sourceTree = "<group>";
		};
/* End PBXVariantGroup section */

/* Begin XCBuildConfiguration section */
		1774BDACA211C5CD82EE0CDF83274907 /* Release */ = {
			isa = XCBuildConfiguration;
			buildSettings = {
				ALWAYS_EMBED_SWIFT_STANDARD_LIBRARIES = YES;
				BUNDLE_LOADER = "$(TEST_HOST)";
				CODE_SIGN_STYLE = Automatic;
				DEVELOPMENT_TEAM = U9KHV9D7LV;
				INFOPLIST_FILE = LightTests/Info.plist;
				LD_RUNPATH_SEARCH_PATHS = (
					"$(inherited)",
					"@executable_path/Frameworks",
					"@loader_path/Frameworks",
				);
				PRODUCT_BUNDLE_IDENTIFIER = Piano.LightTests;
				PRODUCT_NAME = "$(TARGET_NAME)";
				SWIFT_VERSION = 4.0;
				TARGETED_DEVICE_FAMILY = "1,2";
				TEST_HOST = "$(BUILT_PRODUCTS_DIR)/Light.app/Light";
			};
			name = Release;
		};
		563A616B13EBAE941C8EC770B320B64D /* Release */ = {
			isa = XCBuildConfiguration;
			buildSettings = {
				ALWAYS_EMBED_SWIFT_STANDARD_LIBRARIES = YES;
				ASSETCATALOG_COMPILER_APPICON_NAME = AppIcon;
				CODE_SIGN_STYLE = Automatic;
				DEVELOPMENT_TEAM = U9KHV9D7LV;
				INFOPLIST_FILE = Light/Info.plist;
				LD_RUNPATH_SEARCH_PATHS = (
					"$(inherited)",
					"@executable_path/Frameworks",
				);
				PRODUCT_BUNDLE_IDENTIFIER = Piano.Light;
				PRODUCT_NAME = "$(TARGET_NAME)";
				SWIFT_VERSION = 4.0;
				TARGETED_DEVICE_FAMILY = "1,2";
			};
			name = Release;
		};
		822F87837A0D3A382FD457969E66B0CC /* Debug */ = {
			isa = XCBuildConfiguration;
			buildSettings = {
				ALWAYS_EMBED_SWIFT_STANDARD_LIBRARIES = YES;
				BUNDLE_LOADER = "$(TEST_HOST)";
				CODE_SIGN_STYLE = Automatic;
				DEVELOPMENT_TEAM = U9KHV9D7LV;
				INFOPLIST_FILE = LightTests/Info.plist;
				LD_RUNPATH_SEARCH_PATHS = (
					"$(inherited)",
					"@executable_path/Frameworks",
					"@loader_path/Frameworks",
				);
				PRODUCT_BUNDLE_IDENTIFIER = Piano.LightTests;
				PRODUCT_NAME = "$(TARGET_NAME)";
				SWIFT_VERSION = 4.0;
				TARGETED_DEVICE_FAMILY = "1,2";
				TEST_HOST = "$(BUILT_PRODUCTS_DIR)/Light.app/Light";
			};
			name = Debug;
		};
		A4468176252088F2E6E1B24F81F75645 /* Debug */ = {
			isa = XCBuildConfiguration;
			buildSettings = {
				ALWAYS_EMBED_SWIFT_STANDARD_LIBRARIES = YES;
				CODE_SIGN_STYLE = Automatic;
				DEVELOPMENT_TEAM = U9KHV9D7LV;
				INFOPLIST_FILE = LightUITests/Info.plist;
				LD_RUNPATH_SEARCH_PATHS = (
					"$(inherited)",
					"@executable_path/Frameworks",
					"@loader_path/Frameworks",
				);
				PRODUCT_BUNDLE_IDENTIFIER = Piano.LightUITests;
				PRODUCT_NAME = "$(TARGET_NAME)";
				SWIFT_VERSION = 4.0;
				TARGETED_DEVICE_FAMILY = "1,2";
				TEST_TARGET_NAME = Light;
			};
			name = Debug;
		};
		A4A273C1650D735D85FCAA5A48F258C9 /* Debug */ = {
			isa = XCBuildConfiguration;
			buildSettings = {
				ALWAYS_EMBED_SWIFT_STANDARD_LIBRARIES = YES;
				ASSETCATALOG_COMPILER_APPICON_NAME = AppIcon;
				CODE_SIGN_STYLE = Automatic;
				DEVELOPMENT_TEAM = U9KHV9D7LV;
				INFOPLIST_FILE = Light/Info.plist;
				LD_RUNPATH_SEARCH_PATHS = (
					"$(inherited)",
					"@executable_path/Frameworks",
				);
				PRODUCT_BUNDLE_IDENTIFIER = Piano.Light;
				PRODUCT_NAME = "$(TARGET_NAME)";
				SWIFT_VERSION = 4.0;
				TARGETED_DEVICE_FAMILY = "1,2";
			};
			name = Debug;
		};
		C6DA0CC56B39B5F3BEA3A757A695568E /* Release */ = {
			isa = XCBuildConfiguration;
			buildSettings = {
				ALWAYS_EMBED_SWIFT_STANDARD_LIBRARIES = YES;
				CODE_SIGN_STYLE = Automatic;
				DEVELOPMENT_TEAM = U9KHV9D7LV;
				INFOPLIST_FILE = LightUITests/Info.plist;
				LD_RUNPATH_SEARCH_PATHS = (
					"$(inherited)",
					"@executable_path/Frameworks",
					"@loader_path/Frameworks",
				);
				PRODUCT_BUNDLE_IDENTIFIER = Piano.LightUITests;
				PRODUCT_NAME = "$(TARGET_NAME)";
				SWIFT_VERSION = 4.0;
				TARGETED_DEVICE_FAMILY = "1,2";
				TEST_TARGET_NAME = Light;
			};
			name = Release;
		};
		DF383AF2AF3BD532B8436D84623872BD /* Debug */ = {
			isa = XCBuildConfiguration;
			buildSettings = {
				ALWAYS_SEARCH_USER_PATHS = NO;
				CLANG_ANALYZER_LOCALIZABILITY_NONLOCALIZED = YES;
				CLANG_ANALYZER_NONNULL = YES;
				CLANG_ANALYZER_NUMBER_OBJECT_CONVERSION = YES_AGGRESSIVE;
				CLANG_CXX_LANGUAGE_STANDARD = "gnu++14";
				CLANG_CXX_LIBRARY = "libc++";
				CLANG_ENABLE_MODULES = YES;
				CLANG_ENABLE_OBJC_ARC = YES;
				CLANG_ENABLE_OBJC_WEAK = YES;
				CLANG_WARN_BLOCK_CAPTURE_AUTORELEASING = YES;
				CLANG_WARN_BOOL_CONVERSION = YES;
				CLANG_WARN_COMMA = YES;
				CLANG_WARN_CONSTANT_CONVERSION = YES;
				CLANG_WARN_DEPRECATED_OBJC_IMPLEMENTATIONS = YES;
				CLANG_WARN_DIRECT_OBJC_ISA_USAGE = YES_ERROR;
				CLANG_WARN_DOCUMENTATION_COMMENTS = YES;
				CLANG_WARN_EMPTY_BODY = YES;
				CLANG_WARN_ENUM_CONVERSION = YES;
				CLANG_WARN_INFINITE_RECURSION = YES;
				CLANG_WARN_INT_CONVERSION = YES;
				CLANG_WARN_NON_LITERAL_NULL_CONVERSION = YES;
				CLANG_WARN_OBJC_IMPLICIT_RETAIN_SELF = YES;
				CLANG_WARN_OBJC_LITERAL_CONVERSION = YES;
				CLANG_WARN_OBJC_ROOT_CLASS = YES_ERROR;
				CLANG_WARN_RANGE_LOOP_ANALYSIS = YES;
				CLANG_WARN_STRICT_PROTOTYPES = YES;
				CLANG_WARN_SUSPICIOUS_MOVE = YES;
				CLANG_WARN_UNGUARDED_AVAILABILITY = YES_AGGRESSIVE;
				CLANG_WARN_UNREACHABLE_CODE = YES;
				CLANG_WARN__DUPLICATE_METHOD_MATCH = YES;
				CODE_SIGN_IDENTITY = "iPhone Developer";
				COPY_PHASE_STRIP = NO;
				DEBUG_INFORMATION_FORMAT = dwarf;
				ENABLE_STRICT_OBJC_MSGSEND = YES;
				ENABLE_TESTABILITY = YES;
				GCC_C_LANGUAGE_STANDARD = gnu11;
				GCC_DYNAMIC_NO_PIC = NO;
				GCC_NO_COMMON_BLOCKS = YES;
				GCC_OPTIMIZATION_LEVEL = 0;
				GCC_PREPROCESSOR_DEFINITIONS = (
					"DEBUG=1",
					"$(inherited)",
				);
				GCC_WARN_64_TO_32_BIT_CONVERSION = YES;
				GCC_WARN_ABOUT_RETURN_TYPE = YES_ERROR;
				GCC_WARN_UNDECLARED_SELECTOR = YES;
				GCC_WARN_UNINITIALIZED_AUTOS = YES_AGGRESSIVE;
				GCC_WARN_UNUSED_FUNCTION = YES;
				GCC_WARN_UNUSED_VARIABLE = YES;
				IPHONEOS_DEPLOYMENT_TARGET = 11.4;
				MTL_ENABLE_DEBUG_INFO = YES;
				ONLY_ACTIVE_ARCH = YES;
				SDKROOT = iphoneos;
				SWIFT_ACTIVE_COMPILATION_CONDITIONS = DEBUG;
				SWIFT_OPTIMIZATION_LEVEL = "-Onone";
			};
			name = Debug;
		};
		FEF22E08087B1A618456689C9B2D2A1C /* Release */ = {
			isa = XCBuildConfiguration;
			buildSettings = {
				ALWAYS_SEARCH_USER_PATHS = NO;
				CLANG_ANALYZER_LOCALIZABILITY_NONLOCALIZED = YES;
				CLANG_ANALYZER_NONNULL = YES;
				CLANG_ANALYZER_NUMBER_OBJECT_CONVERSION = YES_AGGRESSIVE;
				CLANG_CXX_LANGUAGE_STANDARD = "gnu++14";
				CLANG_CXX_LIBRARY = "libc++";
				CLANG_ENABLE_MODULES = YES;
				CLANG_ENABLE_OBJC_ARC = YES;
				CLANG_ENABLE_OBJC_WEAK = YES;
				CLANG_WARN_BLOCK_CAPTURE_AUTORELEASING = YES;
				CLANG_WARN_BOOL_CONVERSION = YES;
				CLANG_WARN_COMMA = YES;
				CLANG_WARN_CONSTANT_CONVERSION = YES;
				CLANG_WARN_DEPRECATED_OBJC_IMPLEMENTATIONS = YES;
				CLANG_WARN_DIRECT_OBJC_ISA_USAGE = YES_ERROR;
				CLANG_WARN_DOCUMENTATION_COMMENTS = YES;
				CLANG_WARN_EMPTY_BODY = YES;
				CLANG_WARN_ENUM_CONVERSION = YES;
				CLANG_WARN_INFINITE_RECURSION = YES;
				CLANG_WARN_INT_CONVERSION = YES;
				CLANG_WARN_NON_LITERAL_NULL_CONVERSION = YES;
				CLANG_WARN_OBJC_IMPLICIT_RETAIN_SELF = YES;
				CLANG_WARN_OBJC_LITERAL_CONVERSION = YES;
				CLANG_WARN_OBJC_ROOT_CLASS = YES_ERROR;
				CLANG_WARN_RANGE_LOOP_ANALYSIS = YES;
				CLANG_WARN_STRICT_PROTOTYPES = YES;
				CLANG_WARN_SUSPICIOUS_MOVE = YES;
				CLANG_WARN_UNGUARDED_AVAILABILITY = YES_AGGRESSIVE;
				CLANG_WARN_UNREACHABLE_CODE = YES;
				CLANG_WARN__DUPLICATE_METHOD_MATCH = YES;
				CODE_SIGN_IDENTITY = "iPhone Developer";
				COPY_PHASE_STRIP = NO;
				DEBUG_INFORMATION_FORMAT = "dwarf-with-dsym";
				ENABLE_NS_ASSERTIONS = NO;
				ENABLE_STRICT_OBJC_MSGSEND = YES;
				GCC_C_LANGUAGE_STANDARD = gnu11;
				GCC_NO_COMMON_BLOCKS = YES;
				GCC_WARN_64_TO_32_BIT_CONVERSION = YES;
				GCC_WARN_ABOUT_RETURN_TYPE = YES_ERROR;
				GCC_WARN_UNDECLARED_SELECTOR = YES;
				GCC_WARN_UNINITIALIZED_AUTOS = YES_AGGRESSIVE;
				GCC_WARN_UNUSED_FUNCTION = YES;
				GCC_WARN_UNUSED_VARIABLE = YES;
				IPHONEOS_DEPLOYMENT_TARGET = 11.4;
				MTL_ENABLE_DEBUG_INFO = NO;
				SDKROOT = iphoneos;
				SWIFT_COMPILATION_MODE = wholemodule;
				SWIFT_OPTIMIZATION_LEVEL = "-O";
				VALIDATE_PRODUCT = YES;
			};
			name = Release;
		};
/* End XCBuildConfiguration section */

/* Begin XCConfigurationList section */
		5A1C13ED9C37F6EE50FFA9D32B29E06D /* Build configuration list for PBXNativeTarget "LightUITests" */ = {
			isa = XCConfigurationList;
			buildConfigurations = (
				A4468176252088F2E6E1B24F81F75645 /* Debug */,
				C6DA0CC56B39B5F3BEA3A757A695568E /* Release */,
			);
			defaultConfigurationIsVisible = 0;
			defaultConfigurationName = Release;
		};
		81B86034EDDED4846E894A2DEE77A224 /* Build configuration list for PBXNativeTarget "LightTests" */ = {
			isa = XCConfigurationList;
			buildConfigurations = (
				822F87837A0D3A382FD457969E66B0CC /* Debug */,
				1774BDACA211C5CD82EE0CDF83274907 /* Release */,
			);
			defaultConfigurationIsVisible = 0;
			defaultConfigurationName = Release;
		};
		845D9E0479EEEEC137C9353916AB9A7C /* Build configuration list for PBXNativeTarget "Light" */ = {
			isa = XCConfigurationList;
			buildConfigurations = (
				A4A273C1650D735D85FCAA5A48F258C9 /* Debug */,
				563A616B13EBAE941C8EC770B320B64D /* Release */,
			);
			defaultConfigurationIsVisible = 0;
			defaultConfigurationName = Release;
		};
		906A51B8449F047588361AACB498B67A /* Build configuration list for PBXProject "Light" */ = {
			isa = XCConfigurationList;
			buildConfigurations = (
				DF383AF2AF3BD532B8436D84623872BD /* Debug */,
				FEF22E08087B1A618456689C9B2D2A1C /* Release */,
			);
			defaultConfigurationIsVisible = 0;
			defaultConfigurationName = Release;
		};
/* End XCConfigurationList section */

/* Begin XCVersionGroup section */
		90AE918602830F24292C946034327F00 /* Light.xcdatamodeld */ = {
			isa = XCVersionGroup;
			children = (
				B135CE2531BF1D25DA5442078B7F73B7 /* Light.xcdatamodel */,
			);
			currentVersion = B135CE2531BF1D25DA5442078B7F73B7 /* Light.xcdatamodel */;
			path = Light.xcdatamodeld;
			sourceTree = "<group>";
			versionGroupType = wrapper.xcdatamodel;
		};
/* End XCVersionGroup section */
	};
	rootObject = 5AB6D5810162F602D21B9895BA5DDE0F /* Project object */;
}
